// !$*UTF8*$!
{
	archiveVersion = 1;
	classes = {
	};
	objectVersion = 46;
	objects = {

/* Begin PBXBuildFile section */
		A65607C61F6506BC0063E9A2 /* main.m in Sources */ = {isa = PBXBuildFile; fileRef = A65607C51F6506BC0063E9A2 /* main.m */; };
		A65607C91F6506BC0063E9A2 /* AppDelegate.m in Sources */ = {isa = PBXBuildFile; fileRef = A65607C81F6506BC0063E9A2 /* AppDelegate.m */; };
		A65607D71F6506BC0063E9A2 /* LaunchScreen.storyboard in Resources */ = {isa = PBXBuildFile; fileRef = A65607D51F6506BC0063E9A2 /* LaunchScreen.storyboard */; };
		A65607E21F6506BC0063E9A2 /* DouyuTests.m in Sources */ = {isa = PBXBuildFile; fileRef = A65607E11F6506BC0063E9A2 /* DouyuTests.m */; };
		A65607ED1F6506BC0063E9A2 /* DouyuUITests.m in Sources */ = {isa = PBXBuildFile; fileRef = A65607EC1F6506BC0063E9A2 /* DouyuUITests.m */; };
		A656081B1F650D8F0063E9A2 /* Follow.storyboard in Resources */ = {isa = PBXBuildFile; fileRef = A65608161F650D8F0063E9A2 /* Follow.storyboard */; };
		A656081C1F650D8F0063E9A2 /* FollowViewController.m in Sources */ = {isa = PBXBuildFile; fileRef = A65608181F650D8F0063E9A2 /* FollowViewController.m */; };
		A65608231F650E480063E9A2 /* Profile.storyboard in Resources */ = {isa = PBXBuildFile; fileRef = A656081F1F650E480063E9A2 /* Profile.storyboard */; };
		A65608241F650E480063E9A2 /* ProfileViewController.m in Sources */ = {isa = PBXBuildFile; fileRef = A65608211F650E480063E9A2 /* ProfileViewController.m */; };
		A656082B1F650E7D0063E9A2 /* Live.storyboard in Resources */ = {isa = PBXBuildFile; fileRef = A65608261F650E7D0063E9A2 /* Live.storyboard */; };
		A656082C1F650E7D0063E9A2 /* LiveViewController.m in Sources */ = {isa = PBXBuildFile; fileRef = A65608281F650E7D0063E9A2 /* LiveViewController.m */; };
		A65608331F650E950063E9A2 /* Home.storyboard in Resources */ = {isa = PBXBuildFile; fileRef = A656082E1F650E950063E9A2 /* Home.storyboard */; };
		A65608341F650E950063E9A2 /* HomeViewController.m in Sources */ = {isa = PBXBuildFile; fileRef = A65608301F650E950063E9A2 /* HomeViewController.m */; };
		A656083B1F650EC10063E9A2 /* Main.storyboard in Resources */ = {isa = PBXBuildFile; fileRef = A65608361F650EC10063E9A2 /* Main.storyboard */; };
		A656083C1F650EC10063E9A2 /* MainViewController.m in Sources */ = {isa = PBXBuildFile; fileRef = A65608381F650EC10063E9A2 /* MainViewController.m */; };
		A656083F1F650F4E0063E9A2 /* PageTitleView.m in Sources */ = {isa = PBXBuildFile; fileRef = A656083E1F650F4E0063E9A2 /* PageTitleView.m */; };
		A65D3B271F6D30A900117D55 /* PopViewController.m in Sources */ = {isa = PBXBuildFile; fileRef = A65D3B261F6D30A900117D55 /* PopViewController.m */; };
		A65D3B2A1F6D314D00117D55 /* DemoPopViewController.m in Sources */ = {isa = PBXBuildFile; fileRef = A65D3B291F6D314D00117D55 /* DemoPopViewController.m */; };
		A65D3B321F6D344E00117D55 /* ThirdTableViewController.m in Sources */ = {isa = PBXBuildFile; fileRef = A65D3B311F6D344E00117D55 /* ThirdTableViewController.m */; };
		A663FF4E1F6D5BAD00E18CB7 /* CADemoRootTableViewController.m in Sources */ = {isa = PBXBuildFile; fileRef = A6FC6ACC1F6D597600351A9C /* CADemoRootTableViewController.m */; };
		A663FF501F6D5E1900E18CB7 /* LeavesViewController.m in Sources */ = {isa = PBXBuildFile; fileRef = A6FC6ACF1F6D597600351A9C /* LeavesViewController.m */; };
		A663FF511F6D5E1900E18CB7 /* AVPlayerLayerViewController.m in Sources */ = {isa = PBXBuildFile; fileRef = A6FC6AD21F6D597600351A9C /* AVPlayerLayerViewController.m */; };
		A663FF521F6D5E1900E18CB7 /* BatmanViewController.m in Sources */ = {isa = PBXBuildFile; fileRef = A6FC6AD41F6D597600351A9C /* BatmanViewController.m */; };
		A663FF531F6D5E1900E18CB7 /* CALayer+Additions.m in Sources */ = {isa = PBXBuildFile; fileRef = A6FC6AD61F6D597600351A9C /* CALayer+Additions.m */; };
		A663FF541F6D5E1900E18CB7 /* ImplicitAnimationsViewController.m in Sources */ = {isa = PBXBuildFile; fileRef = A6FC6AD81F6D597600351A9C /* ImplicitAnimationsViewController.m */; };
		A663FF551F6D5E1900E18CB7 /* MakeItStickViewController.m in Sources */ = {isa = PBXBuildFile; fileRef = A6FC6ADA1F6D597600351A9C /* MakeItStickViewController.m */; };
		A663FF561F6D5E1900E18CB7 /* NSAViewController.m in Sources */ = {isa = PBXBuildFile; fileRef = A6FC6ADC1F6D597600351A9C /* NSAViewController.m */; };
		A663FF571F6D5E1900E18CB7 /* PacmanViewController.m in Sources */ = {isa = PBXBuildFile; fileRef = A6FC6ADE1F6D597600351A9C /* PacmanViewController.m */; };
		A663FF581F6D5E1900E18CB7 /* PulseViewController.m in Sources */ = {isa = PBXBuildFile; fileRef = A6FC6AE01F6D597600351A9C /* PulseViewController.m */; };
		A663FF591F6D5E1900E18CB7 /* ReflectionViewController.m in Sources */ = {isa = PBXBuildFile; fileRef = A6FC6AE21F6D597600351A9C /* ReflectionViewController.m */; };
		A663FF5A1F6D5E1900E18CB7 /* SublayerTransformViewController.m in Sources */ = {isa = PBXBuildFile; fileRef = A6FC6AE41F6D597600351A9C /* SublayerTransformViewController.m */; };
		A663FF5B1F6D5E1900E18CB7 /* TachometerViewController.m in Sources */ = {isa = PBXBuildFile; fileRef = A6FC6AE61F6D597600351A9C /* TachometerViewController.m */; };
		A663FF5C1F6D5E3800E18CB7 /* FlipViewController.m in Sources */ = {isa = PBXBuildFile; fileRef = A6FC6B0E1F6D597600351A9C /* FlipViewController.m */; };
		A663FF5D1F6D5E3800E18CB7 /* NoteView.m in Sources */ = {isa = PBXBuildFile; fileRef = A6FC6B101F6D597600351A9C /* NoteView.m */; };
		A663FF5E1F6D5E3800E18CB7 /* SimpleViewPropertyAnimation.m in Sources */ = {isa = PBXBuildFile; fileRef = A6FC6B121F6D597600351A9C /* SimpleViewPropertyAnimation.m */; };
		A663FF5F1F6D5E3800E18CB7 /* StickyNotesViewController.m in Sources */ = {isa = PBXBuildFile; fileRef = A6FC6B141F6D597600351A9C /* StickyNotesViewController.m */; };
		A663FF601F6D5E9100E18CB7 /* BatmanView.xib in Resources */ = {isa = PBXBuildFile; fileRef = A6FC6B071F6D597600351A9C /* BatmanView.xib */; };
		A663FF611F6D5E9100E18CB7 /* CoreAnimationView.xib in Resources */ = {isa = PBXBuildFile; fileRef = A6FC6B081F6D597600351A9C /* CoreAnimationView.xib */; };
		A663FF621F6D5E9100E18CB7 /* LayerView.xib in Resources */ = {isa = PBXBuildFile; fileRef = A6FC6B091F6D597600351A9C /* LayerView.xib */; };
		A663FF631F6D5E9100E18CB7 /* RootViewController.xib in Resources */ = {isa = PBXBuildFile; fileRef = A6FC6B0B1F6D597600351A9C /* RootViewController.xib */; };
		A6CCB9991F6512F000428D21 /* Assets.xcassets in Resources */ = {isa = PBXBuildFile; fileRef = A6CCB9981F6512F000428D21 /* Assets.xcassets */; };
		A6CCB99E1F652F2000428D21 /* PageContentView.m in Sources */ = {isa = PBXBuildFile; fileRef = A6CCB99D1F652F2000428D21 /* PageContentView.m */; };
		A6CCB9A11F654D6500428D21 /* UIColor+Utils.m in Sources */ = {isa = PBXBuildFile; fileRef = A6CCB9A01F654D6500428D21 /* UIColor+Utils.m */; };
		A6CCB9A81F69759A00428D21 /* YYS(WL)-color.mp4 in Resources */ = {isa = PBXBuildFile; fileRef = A6CCB9A71F69759A00428D21 /* YYS(WL)-color.mp4 */; };
		A6FC6AAC1F6D51EB00351A9C /* AdaptivePresentation.storyboard in Resources */ = {isa = PBXBuildFile; fileRef = A6FC6A791F6D4CCD00351A9C /* AdaptivePresentation.storyboard */; };
		A6FC6AAD1F6D51F600351A9C /* Checkerboard.storyboard in Resources */ = {isa = PBXBuildFile; fileRef = A6FC6A831F6D4CCD00351A9C /* Checkerboard.storyboard */; };
		A6FC6AAE1F6D51FF00351A9C /* CrossDissolve.storyboard in Resources */ = {isa = PBXBuildFile; fileRef = A6FC6A8B1F6D4CCD00351A9C /* CrossDissolve.storyboard */; };
		A6FC6AAF1F6D520700351A9C /* CustomPresentation.storyboard in Resources */ = {isa = PBXBuildFile; fileRef = A6FC6A931F6D4CCD00351A9C /* CustomPresentation.storyboard */; };
		A6FC6AB01F6D520F00351A9C /* Slide.storyboard in Resources */ = {isa = PBXBuildFile; fileRef = A6FC6A9E1F6D4CCD00351A9C /* Slide.storyboard */; };
		A6FC6AB11F6D521600351A9C /* Swipe.storyboard in Resources */ = {isa = PBXBuildFile; fileRef = A6FC6AAA1F6D4CCD00351A9C /* Swipe.storyboard */; };
		A6FC6AB21F6D527600351A9C /* AAPLExternalStoryboardSegue.m in Sources */ = {isa = PBXBuildFile; fileRef = A6FC6A6D1F6D4CCD00351A9C /* AAPLExternalStoryboardSegue.m */; };
		A6FC6AB31F6D527600351A9C /* AAPLMenuViewController.m in Sources */ = {isa = PBXBuildFile; fileRef = A6FC6A6F1F6D4CCD00351A9C /* AAPLMenuViewController.m */; };
		A6FC6AB41F6D527600351A9C /* AAPLAdaptivePresentationController.m in Sources */ = {isa = PBXBuildFile; fileRef = A6FC6A721F6D4CCD00351A9C /* AAPLAdaptivePresentationController.m */; };
		A6FC6AB51F6D527600351A9C /* AAPLAdaptivePresentationFirstViewController.m in Sources */ = {isa = PBXBuildFile; fileRef = A6FC6A741F6D4CCD00351A9C /* AAPLAdaptivePresentationFirstViewController.m */; };
		A6FC6AB61F6D527600351A9C /* AAPLAdaptivePresentationSecondViewController.m in Sources */ = {isa = PBXBuildFile; fileRef = A6FC6A761F6D4CCD00351A9C /* AAPLAdaptivePresentationSecondViewController.m */; };
		A6FC6AB71F6D527600351A9C /* AAPLAdaptivePresentationSegue.m in Sources */ = {isa = PBXBuildFile; fileRef = A6FC6A781F6D4CCD00351A9C /* AAPLAdaptivePresentationSegue.m */; };
		A6FC6AB81F6D527600351A9C /* AAPLCheckerboardFirstViewController.m in Sources */ = {isa = PBXBuildFile; fileRef = A6FC6A801F6D4CCD00351A9C /* AAPLCheckerboardFirstViewController.m */; };
		A6FC6AB91F6D527600351A9C /* AAPLCheckerboardTransitionAnimator.m in Sources */ = {isa = PBXBuildFile; fileRef = A6FC6A821F6D4CCD00351A9C /* AAPLCheckerboardTransitionAnimator.m */; };
		A6FC6ABA1F6D527600351A9C /* AAPLCrossDissolveFirstViewController.m in Sources */ = {isa = PBXBuildFile; fileRef = A6FC6A861F6D4CCD00351A9C /* AAPLCrossDissolveFirstViewController.m */; };
		A6FC6ABB1F6D527600351A9C /* AAPLCrossDissolveSecondViewController.m in Sources */ = {isa = PBXBuildFile; fileRef = A6FC6A881F6D4CCD00351A9C /* AAPLCrossDissolveSecondViewController.m */; };
		A6FC6ABC1F6D527600351A9C /* AAPLCrossDissolveTransitionAnimator.m in Sources */ = {isa = PBXBuildFile; fileRef = A6FC6A8A1F6D4CCD00351A9C /* AAPLCrossDissolveTransitionAnimator.m */; };
		A6FC6ABD1F6D527600351A9C /* AAPLCustomPresentationController.m in Sources */ = {isa = PBXBuildFile; fileRef = A6FC6A8E1F6D4CCD00351A9C /* AAPLCustomPresentationController.m */; };
		A6FC6ABE1F6D527600351A9C /* AAPLCustomPresentationFirstViewController.m in Sources */ = {isa = PBXBuildFile; fileRef = A6FC6A901F6D4CCD00351A9C /* AAPLCustomPresentationFirstViewController.m */; };
		A6FC6ABF1F6D527600351A9C /* AAPLCustomPresentationSecondViewController.m in Sources */ = {isa = PBXBuildFile; fileRef = A6FC6A921F6D4CCD00351A9C /* AAPLCustomPresentationSecondViewController.m */; };
		A6FC6AC01F6D527600351A9C /* AAPLSlideTransitionAnimator.m in Sources */ = {isa = PBXBuildFile; fileRef = A6FC6A991F6D4CCD00351A9C /* AAPLSlideTransitionAnimator.m */; };
		A6FC6AC11F6D527600351A9C /* AAPLSlideTransitionDelegate.m in Sources */ = {isa = PBXBuildFile; fileRef = A6FC6A9B1F6D4CCD00351A9C /* AAPLSlideTransitionDelegate.m */; };
		A6FC6AC21F6D527600351A9C /* AAPLSlideTransitionInteractionController.m in Sources */ = {isa = PBXBuildFile; fileRef = A6FC6A9D1F6D4CCD00351A9C /* AAPLSlideTransitionInteractionController.m */; };
		A6FC6AC31F6D527600351A9C /* AAPLSwipeFirstViewController.m in Sources */ = {isa = PBXBuildFile; fileRef = A6FC6AA11F6D4CCD00351A9C /* AAPLSwipeFirstViewController.m */; };
		A6FC6AC41F6D527600351A9C /* AAPLSwipeSecondViewController.m in Sources */ = {isa = PBXBuildFile; fileRef = A6FC6AA31F6D4CCD00351A9C /* AAPLSwipeSecondViewController.m */; };
		A6FC6AC51F6D527600351A9C /* AAPLSwipeTransitionAnimator.m in Sources */ = {isa = PBXBuildFile; fileRef = A6FC6AA51F6D4CCD00351A9C /* AAPLSwipeTransitionAnimator.m */; };
		A6FC6AC61F6D527600351A9C /* AAPLSwipeTransitionDelegate.m in Sources */ = {isa = PBXBuildFile; fileRef = A6FC6AA71F6D4CCD00351A9C /* AAPLSwipeTransitionDelegate.m */; };
		A6FC6AC71F6D527600351A9C /* AAPLSwipeTransitionInteractionController.m in Sources */ = {isa = PBXBuildFile; fileRef = A6FC6AA91F6D4CCD00351A9C /* AAPLSwipeTransitionInteractionController.m */; };
		A6FC6AC91F6D536500351A9C /* CustomTransition.storyboard in Resources */ = {isa = PBXBuildFile; fileRef = A6FC6AC81F6D530A00351A9C /* CustomTransition.storyboard */; };
/* End PBXBuildFile section */

/* Begin PBXContainerItemProxy section */
		A65607DE1F6506BC0063E9A2 /* PBXContainerItemProxy */ = {
			isa = PBXContainerItemProxy;
			containerPortal = A65607B91F6506BC0063E9A2 /* Project object */;
			proxyType = 1;
			remoteGlobalIDString = A65607C01F6506BC0063E9A2;
			remoteInfo = Douyu;
		};
		A65607E91F6506BC0063E9A2 /* PBXContainerItemProxy */ = {
			isa = PBXContainerItemProxy;
			containerPortal = A65607B91F6506BC0063E9A2 /* Project object */;
			proxyType = 1;
			remoteGlobalIDString = A65607C01F6506BC0063E9A2;
			remoteInfo = Douyu;
		};
/* End PBXContainerItemProxy section */

/* Begin PBXFileReference section */
		A65607C11F6506BC0063E9A2 /* iOSTutorial.app */ = {isa = PBXFileReference; explicitFileType = wrapper.application; includeInIndex = 0; path = iOSTutorial.app; sourceTree = BUILT_PRODUCTS_DIR; };
		A65607C51F6506BC0063E9A2 /* main.m */ = {isa = PBXFileReference; lastKnownFileType = sourcecode.c.objc; path = main.m; sourceTree = "<group>"; };
		A65607C71F6506BC0063E9A2 /* AppDelegate.h */ = {isa = PBXFileReference; lastKnownFileType = sourcecode.c.h; path = AppDelegate.h; sourceTree = "<group>"; };
		A65607C81F6506BC0063E9A2 /* AppDelegate.m */ = {isa = PBXFileReference; lastKnownFileType = sourcecode.c.objc; path = AppDelegate.m; sourceTree = "<group>"; };
		A65607D61F6506BC0063E9A2 /* Base */ = {isa = PBXFileReference; lastKnownFileType = file.storyboard; name = Base; path = Base.lproj/LaunchScreen.storyboard; sourceTree = "<group>"; };
		A65607D81F6506BC0063E9A2 /* Info.plist */ = {isa = PBXFileReference; lastKnownFileType = text.plist.xml; path = Info.plist; sourceTree = "<group>"; };
		A65607DD1F6506BC0063E9A2 /* iOSTutorialTests.xctest */ = {isa = PBXFileReference; explicitFileType = wrapper.cfbundle; includeInIndex = 0; path = iOSTutorialTests.xctest; sourceTree = BUILT_PRODUCTS_DIR; };
		A65607E11F6506BC0063E9A2 /* DouyuTests.m */ = {isa = PBXFileReference; lastKnownFileType = sourcecode.c.objc; path = DouyuTests.m; sourceTree = "<group>"; };
		A65607E31F6506BC0063E9A2 /* Info.plist */ = {isa = PBXFileReference; lastKnownFileType = text.plist.xml; path = Info.plist; sourceTree = "<group>"; };
		A65607E81F6506BC0063E9A2 /* iOSTutorialUITests.xctest */ = {isa = PBXFileReference; explicitFileType = wrapper.cfbundle; includeInIndex = 0; path = iOSTutorialUITests.xctest; sourceTree = BUILT_PRODUCTS_DIR; };
		A65607EC1F6506BC0063E9A2 /* DouyuUITests.m */ = {isa = PBXFileReference; lastKnownFileType = sourcecode.c.objc; path = DouyuUITests.m; sourceTree = "<group>"; };
		A65607EE1F6506BC0063E9A2 /* Info.plist */ = {isa = PBXFileReference; lastKnownFileType = text.plist.xml; path = Info.plist; sourceTree = "<group>"; };
		A65608161F650D8F0063E9A2 /* Follow.storyboard */ = {isa = PBXFileReference; fileEncoding = 4; lastKnownFileType = file.storyboard; path = Follow.storyboard; sourceTree = "<group>"; };
		A65608171F650D8F0063E9A2 /* FollowViewController.h */ = {isa = PBXFileReference; fileEncoding = 4; lastKnownFileType = sourcecode.c.h; path = FollowViewController.h; sourceTree = "<group>"; };
		A65608181F650D8F0063E9A2 /* FollowViewController.m */ = {isa = PBXFileReference; fileEncoding = 4; lastKnownFileType = sourcecode.c.objc; path = FollowViewController.m; sourceTree = "<group>"; };
		A656081F1F650E480063E9A2 /* Profile.storyboard */ = {isa = PBXFileReference; fileEncoding = 4; lastKnownFileType = file.storyboard; name = Profile.storyboard; path = ../Profile.storyboard; sourceTree = "<group>"; };
		A65608201F650E480063E9A2 /* ProfileViewController.h */ = {isa = PBXFileReference; fileEncoding = 4; lastKnownFileType = sourcecode.c.h; name = ProfileViewController.h; path = ../ProfileViewController.h; sourceTree = "<group>"; };
		A65608211F650E480063E9A2 /* ProfileViewController.m */ = {isa = PBXFileReference; fileEncoding = 4; lastKnownFileType = sourcecode.c.objc; name = ProfileViewController.m; path = ../ProfileViewController.m; sourceTree = "<group>"; };
		A65608261F650E7D0063E9A2 /* Live.storyboard */ = {isa = PBXFileReference; fileEncoding = 4; lastKnownFileType = file.storyboard; path = Live.storyboard; sourceTree = "<group>"; };
		A65608271F650E7D0063E9A2 /* LiveViewController.h */ = {isa = PBXFileReference; fileEncoding = 4; lastKnownFileType = sourcecode.c.h; path = LiveViewController.h; sourceTree = "<group>"; };
		A65608281F650E7D0063E9A2 /* LiveViewController.m */ = {isa = PBXFileReference; fileEncoding = 4; lastKnownFileType = sourcecode.c.objc; path = LiveViewController.m; sourceTree = "<group>"; };
		A656082E1F650E950063E9A2 /* Home.storyboard */ = {isa = PBXFileReference; fileEncoding = 4; lastKnownFileType = file.storyboard; path = Home.storyboard; sourceTree = "<group>"; };
		A656082F1F650E950063E9A2 /* HomeViewController.h */ = {isa = PBXFileReference; fileEncoding = 4; lastKnownFileType = sourcecode.c.h; path = HomeViewController.h; sourceTree = "<group>"; };
		A65608301F650E950063E9A2 /* HomeViewController.m */ = {isa = PBXFileReference; fileEncoding = 4; lastKnownFileType = sourcecode.c.objc; path = HomeViewController.m; sourceTree = "<group>"; };
		A65608361F650EC10063E9A2 /* Main.storyboard */ = {isa = PBXFileReference; fileEncoding = 4; lastKnownFileType = file.storyboard; path = Main.storyboard; sourceTree = "<group>"; };
		A65608371F650EC10063E9A2 /* MainViewController.h */ = {isa = PBXFileReference; fileEncoding = 4; lastKnownFileType = sourcecode.c.h; path = MainViewController.h; sourceTree = "<group>"; };
		A65608381F650EC10063E9A2 /* MainViewController.m */ = {isa = PBXFileReference; fileEncoding = 4; lastKnownFileType = sourcecode.c.objc; path = MainViewController.m; sourceTree = "<group>"; };
		A656083D1F650F4E0063E9A2 /* PageTitleView.h */ = {isa = PBXFileReference; fileEncoding = 4; lastKnownFileType = sourcecode.c.h; path = PageTitleView.h; sourceTree = "<group>"; };
		A656083E1F650F4E0063E9A2 /* PageTitleView.m */ = {isa = PBXFileReference; fileEncoding = 4; lastKnownFileType = sourcecode.c.objc; path = PageTitleView.m; sourceTree = "<group>"; };
		A65D3B251F6D30A900117D55 /* PopViewController.h */ = {isa = PBXFileReference; fileEncoding = 4; lastKnownFileType = sourcecode.c.h; path = PopViewController.h; sourceTree = "<group>"; };
		A65D3B261F6D30A900117D55 /* PopViewController.m */ = {isa = PBXFileReference; fileEncoding = 4; lastKnownFileType = sourcecode.c.objc; path = PopViewController.m; sourceTree = "<group>"; };
		A65D3B281F6D314D00117D55 /* DemoPopViewController.h */ = {isa = PBXFileReference; fileEncoding = 4; lastKnownFileType = sourcecode.c.h; path = DemoPopViewController.h; sourceTree = "<group>"; };
		A65D3B291F6D314D00117D55 /* DemoPopViewController.m */ = {isa = PBXFileReference; fileEncoding = 4; lastKnownFileType = sourcecode.c.objc; path = DemoPopViewController.m; sourceTree = "<group>"; };
		A65D3B301F6D344E00117D55 /* ThirdTableViewController.h */ = {isa = PBXFileReference; fileEncoding = 4; lastKnownFileType = sourcecode.c.h; path = ThirdTableViewController.h; sourceTree = "<group>"; };
		A65D3B311F6D344E00117D55 /* ThirdTableViewController.m */ = {isa = PBXFileReference; fileEncoding = 4; lastKnownFileType = sourcecode.c.objc; path = ThirdTableViewController.m; sourceTree = "<group>"; };
		A663FF4F1F6D5C0500E18CB7 /* IOSTutorial.pch */ = {isa = PBXFileReference; lastKnownFileType = sourcecode.c.h; path = IOSTutorial.pch; sourceTree = "<group>"; };
		A6CCB9981F6512F000428D21 /* Assets.xcassets */ = {isa = PBXFileReference; lastKnownFileType = folder.assetcatalog; path = Assets.xcassets; sourceTree = "<group>"; };
		A6CCB99B1F6520CE00428D21 /* ConstValues.h */ = {isa = PBXFileReference; lastKnownFileType = sourcecode.c.h; path = ConstValues.h; sourceTree = "<group>"; };
		A6CCB99C1F652F2000428D21 /* PageContentView.h */ = {isa = PBXFileReference; fileEncoding = 4; lastKnownFileType = sourcecode.c.h; path = PageContentView.h; sourceTree = "<group>"; };
		A6CCB99D1F652F2000428D21 /* PageContentView.m */ = {isa = PBXFileReference; fileEncoding = 4; lastKnownFileType = sourcecode.c.objc; path = PageContentView.m; sourceTree = "<group>"; };
		A6CCB99F1F654D6500428D21 /* UIColor+Utils.h */ = {isa = PBXFileReference; fileEncoding = 4; lastKnownFileType = sourcecode.c.h; path = "UIColor+Utils.h"; sourceTree = "<group>"; };
		A6CCB9A01F654D6500428D21 /* UIColor+Utils.m */ = {isa = PBXFileReference; fileEncoding = 4; lastKnownFileType = sourcecode.c.objc; path = "UIColor+Utils.m"; sourceTree = "<group>"; };
		A6CCB9A71F69759A00428D21 /* YYS(WL)-color.mp4 */ = {isa = PBXFileReference; lastKnownFileType = file; path = "YYS(WL)-color.mp4"; sourceTree = "<group>"; };
		A6FC6A6C1F6D4CCD00351A9C /* AAPLExternalStoryboardSegue.h */ = {isa = PBXFileReference; lastKnownFileType = sourcecode.c.h; path = AAPLExternalStoryboardSegue.h; sourceTree = "<group>"; };
		A6FC6A6D1F6D4CCD00351A9C /* AAPLExternalStoryboardSegue.m */ = {isa = PBXFileReference; lastKnownFileType = sourcecode.c.objc; path = AAPLExternalStoryboardSegue.m; sourceTree = "<group>"; };
		A6FC6A6E1F6D4CCD00351A9C /* AAPLMenuViewController.h */ = {isa = PBXFileReference; lastKnownFileType = sourcecode.c.h; path = AAPLMenuViewController.h; sourceTree = "<group>"; };
		A6FC6A6F1F6D4CCD00351A9C /* AAPLMenuViewController.m */ = {isa = PBXFileReference; lastKnownFileType = sourcecode.c.objc; path = AAPLMenuViewController.m; sourceTree = "<group>"; };
		A6FC6A711F6D4CCD00351A9C /* AAPLAdaptivePresentationController.h */ = {isa = PBXFileReference; lastKnownFileType = sourcecode.c.h; path = AAPLAdaptivePresentationController.h; sourceTree = "<group>"; };
		A6FC6A721F6D4CCD00351A9C /* AAPLAdaptivePresentationController.m */ = {isa = PBXFileReference; lastKnownFileType = sourcecode.c.objc; path = AAPLAdaptivePresentationController.m; sourceTree = "<group>"; };
		A6FC6A731F6D4CCD00351A9C /* AAPLAdaptivePresentationFirstViewController.h */ = {isa = PBXFileReference; lastKnownFileType = sourcecode.c.h; path = AAPLAdaptivePresentationFirstViewController.h; sourceTree = "<group>"; };
		A6FC6A741F6D4CCD00351A9C /* AAPLAdaptivePresentationFirstViewController.m */ = {isa = PBXFileReference; lastKnownFileType = sourcecode.c.objc; path = AAPLAdaptivePresentationFirstViewController.m; sourceTree = "<group>"; };
		A6FC6A751F6D4CCD00351A9C /* AAPLAdaptivePresentationSecondViewController.h */ = {isa = PBXFileReference; lastKnownFileType = sourcecode.c.h; path = AAPLAdaptivePresentationSecondViewController.h; sourceTree = "<group>"; };
		A6FC6A761F6D4CCD00351A9C /* AAPLAdaptivePresentationSecondViewController.m */ = {isa = PBXFileReference; lastKnownFileType = sourcecode.c.objc; path = AAPLAdaptivePresentationSecondViewController.m; sourceTree = "<group>"; };
		A6FC6A771F6D4CCD00351A9C /* AAPLAdaptivePresentationSegue.h */ = {isa = PBXFileReference; lastKnownFileType = sourcecode.c.h; path = AAPLAdaptivePresentationSegue.h; sourceTree = "<group>"; };
		A6FC6A781F6D4CCD00351A9C /* AAPLAdaptivePresentationSegue.m */ = {isa = PBXFileReference; lastKnownFileType = sourcecode.c.objc; path = AAPLAdaptivePresentationSegue.m; sourceTree = "<group>"; };
		A6FC6A791F6D4CCD00351A9C /* AdaptivePresentation.storyboard */ = {isa = PBXFileReference; lastKnownFileType = file.storyboard; path = AdaptivePresentation.storyboard; sourceTree = "<group>"; };
		A6FC6A7F1F6D4CCD00351A9C /* AAPLCheckerboardFirstViewController.h */ = {isa = PBXFileReference; lastKnownFileType = sourcecode.c.h; path = AAPLCheckerboardFirstViewController.h; sourceTree = "<group>"; };
		A6FC6A801F6D4CCD00351A9C /* AAPLCheckerboardFirstViewController.m */ = {isa = PBXFileReference; lastKnownFileType = sourcecode.c.objc; path = AAPLCheckerboardFirstViewController.m; sourceTree = "<group>"; };
		A6FC6A811F6D4CCD00351A9C /* AAPLCheckerboardTransitionAnimator.h */ = {isa = PBXFileReference; lastKnownFileType = sourcecode.c.h; path = AAPLCheckerboardTransitionAnimator.h; sourceTree = "<group>"; };
		A6FC6A821F6D4CCD00351A9C /* AAPLCheckerboardTransitionAnimator.m */ = {isa = PBXFileReference; lastKnownFileType = sourcecode.c.objc; path = AAPLCheckerboardTransitionAnimator.m; sourceTree = "<group>"; };
		A6FC6A831F6D4CCD00351A9C /* Checkerboard.storyboard */ = {isa = PBXFileReference; lastKnownFileType = file.storyboard; path = Checkerboard.storyboard; sourceTree = "<group>"; };
		A6FC6A851F6D4CCD00351A9C /* AAPLCrossDissolveFirstViewController.h */ = {isa = PBXFileReference; lastKnownFileType = sourcecode.c.h; path = AAPLCrossDissolveFirstViewController.h; sourceTree = "<group>"; };
		A6FC6A861F6D4CCD00351A9C /* AAPLCrossDissolveFirstViewController.m */ = {isa = PBXFileReference; lastKnownFileType = sourcecode.c.objc; path = AAPLCrossDissolveFirstViewController.m; sourceTree = "<group>"; };
		A6FC6A871F6D4CCD00351A9C /* AAPLCrossDissolveSecondViewController.h */ = {isa = PBXFileReference; lastKnownFileType = sourcecode.c.h; path = AAPLCrossDissolveSecondViewController.h; sourceTree = "<group>"; };
		A6FC6A881F6D4CCD00351A9C /* AAPLCrossDissolveSecondViewController.m */ = {isa = PBXFileReference; lastKnownFileType = sourcecode.c.objc; path = AAPLCrossDissolveSecondViewController.m; sourceTree = "<group>"; };
		A6FC6A891F6D4CCD00351A9C /* AAPLCrossDissolveTransitionAnimator.h */ = {isa = PBXFileReference; lastKnownFileType = sourcecode.c.h; path = AAPLCrossDissolveTransitionAnimator.h; sourceTree = "<group>"; };
		A6FC6A8A1F6D4CCD00351A9C /* AAPLCrossDissolveTransitionAnimator.m */ = {isa = PBXFileReference; lastKnownFileType = sourcecode.c.objc; path = AAPLCrossDissolveTransitionAnimator.m; sourceTree = "<group>"; };
		A6FC6A8B1F6D4CCD00351A9C /* CrossDissolve.storyboard */ = {isa = PBXFileReference; lastKnownFileType = file.storyboard; path = CrossDissolve.storyboard; sourceTree = "<group>"; };
		A6FC6A8D1F6D4CCD00351A9C /* AAPLCustomPresentationController.h */ = {isa = PBXFileReference; lastKnownFileType = sourcecode.c.h; path = AAPLCustomPresentationController.h; sourceTree = "<group>"; };
		A6FC6A8E1F6D4CCD00351A9C /* AAPLCustomPresentationController.m */ = {isa = PBXFileReference; lastKnownFileType = sourcecode.c.objc; path = AAPLCustomPresentationController.m; sourceTree = "<group>"; };
		A6FC6A8F1F6D4CCD00351A9C /* AAPLCustomPresentationFirstViewController.h */ = {isa = PBXFileReference; lastKnownFileType = sourcecode.c.h; path = AAPLCustomPresentationFirstViewController.h; sourceTree = "<group>"; };
		A6FC6A901F6D4CCD00351A9C /* AAPLCustomPresentationFirstViewController.m */ = {isa = PBXFileReference; lastKnownFileType = sourcecode.c.objc; path = AAPLCustomPresentationFirstViewController.m; sourceTree = "<group>"; };
		A6FC6A911F6D4CCD00351A9C /* AAPLCustomPresentationSecondViewController.h */ = {isa = PBXFileReference; lastKnownFileType = sourcecode.c.h; path = AAPLCustomPresentationSecondViewController.h; sourceTree = "<group>"; };
		A6FC6A921F6D4CCD00351A9C /* AAPLCustomPresentationSecondViewController.m */ = {isa = PBXFileReference; lastKnownFileType = sourcecode.c.objc; path = AAPLCustomPresentationSecondViewController.m; sourceTree = "<group>"; };
		A6FC6A931F6D4CCD00351A9C /* CustomPresentation.storyboard */ = {isa = PBXFileReference; lastKnownFileType = file.storyboard; path = CustomPresentation.storyboard; sourceTree = "<group>"; };
		A6FC6A981F6D4CCD00351A9C /* AAPLSlideTransitionAnimator.h */ = {isa = PBXFileReference; lastKnownFileType = sourcecode.c.h; path = AAPLSlideTransitionAnimator.h; sourceTree = "<group>"; };
		A6FC6A991F6D4CCD00351A9C /* AAPLSlideTransitionAnimator.m */ = {isa = PBXFileReference; lastKnownFileType = sourcecode.c.objc; path = AAPLSlideTransitionAnimator.m; sourceTree = "<group>"; };
		A6FC6A9A1F6D4CCD00351A9C /* AAPLSlideTransitionDelegate.h */ = {isa = PBXFileReference; lastKnownFileType = sourcecode.c.h; path = AAPLSlideTransitionDelegate.h; sourceTree = "<group>"; };
		A6FC6A9B1F6D4CCD00351A9C /* AAPLSlideTransitionDelegate.m */ = {isa = PBXFileReference; lastKnownFileType = sourcecode.c.objc; path = AAPLSlideTransitionDelegate.m; sourceTree = "<group>"; };
		A6FC6A9C1F6D4CCD00351A9C /* AAPLSlideTransitionInteractionController.h */ = {isa = PBXFileReference; lastKnownFileType = sourcecode.c.h; path = AAPLSlideTransitionInteractionController.h; sourceTree = "<group>"; };
		A6FC6A9D1F6D4CCD00351A9C /* AAPLSlideTransitionInteractionController.m */ = {isa = PBXFileReference; lastKnownFileType = sourcecode.c.objc; path = AAPLSlideTransitionInteractionController.m; sourceTree = "<group>"; };
		A6FC6A9E1F6D4CCD00351A9C /* Slide.storyboard */ = {isa = PBXFileReference; lastKnownFileType = file.storyboard; path = Slide.storyboard; sourceTree = "<group>"; };
		A6FC6AA01F6D4CCD00351A9C /* AAPLSwipeFirstViewController.h */ = {isa = PBXFileReference; lastKnownFileType = sourcecode.c.h; path = AAPLSwipeFirstViewController.h; sourceTree = "<group>"; };
		A6FC6AA11F6D4CCD00351A9C /* AAPLSwipeFirstViewController.m */ = {isa = PBXFileReference; lastKnownFileType = sourcecode.c.objc; path = AAPLSwipeFirstViewController.m; sourceTree = "<group>"; };
		A6FC6AA21F6D4CCD00351A9C /* AAPLSwipeSecondViewController.h */ = {isa = PBXFileReference; lastKnownFileType = sourcecode.c.h; path = AAPLSwipeSecondViewController.h; sourceTree = "<group>"; };
		A6FC6AA31F6D4CCD00351A9C /* AAPLSwipeSecondViewController.m */ = {isa = PBXFileReference; lastKnownFileType = sourcecode.c.objc; path = AAPLSwipeSecondViewController.m; sourceTree = "<group>"; };
		A6FC6AA41F6D4CCD00351A9C /* AAPLSwipeTransitionAnimator.h */ = {isa = PBXFileReference; lastKnownFileType = sourcecode.c.h; path = AAPLSwipeTransitionAnimator.h; sourceTree = "<group>"; };
		A6FC6AA51F6D4CCD00351A9C /* AAPLSwipeTransitionAnimator.m */ = {isa = PBXFileReference; lastKnownFileType = sourcecode.c.objc; path = AAPLSwipeTransitionAnimator.m; sourceTree = "<group>"; };
		A6FC6AA61F6D4CCD00351A9C /* AAPLSwipeTransitionDelegate.h */ = {isa = PBXFileReference; lastKnownFileType = sourcecode.c.h; path = AAPLSwipeTransitionDelegate.h; sourceTree = "<group>"; };
		A6FC6AA71F6D4CCD00351A9C /* AAPLSwipeTransitionDelegate.m */ = {isa = PBXFileReference; lastKnownFileType = sourcecode.c.objc; path = AAPLSwipeTransitionDelegate.m; sourceTree = "<group>"; };
		A6FC6AA81F6D4CCD00351A9C /* AAPLSwipeTransitionInteractionController.h */ = {isa = PBXFileReference; lastKnownFileType = sourcecode.c.h; path = AAPLSwipeTransitionInteractionController.h; sourceTree = "<group>"; };
		A6FC6AA91F6D4CCD00351A9C /* AAPLSwipeTransitionInteractionController.m */ = {isa = PBXFileReference; lastKnownFileType = sourcecode.c.objc; path = AAPLSwipeTransitionInteractionController.m; sourceTree = "<group>"; };
		A6FC6AAA1F6D4CCD00351A9C /* Swipe.storyboard */ = {isa = PBXFileReference; lastKnownFileType = file.storyboard; path = Swipe.storyboard; sourceTree = "<group>"; };
		A6FC6AC81F6D530A00351A9C /* CustomTransition.storyboard */ = {isa = PBXFileReference; lastKnownFileType = file.storyboard; path = CustomTransition.storyboard; sourceTree = "<group>"; };
		A6FC6ACB1F6D597600351A9C /* CADemoRootTableViewController.h */ = {isa = PBXFileReference; lastKnownFileType = sourcecode.c.h; path = CADemoRootTableViewController.h; sourceTree = "<group>"; };
		A6FC6ACC1F6D597600351A9C /* CADemoRootTableViewController.m */ = {isa = PBXFileReference; lastKnownFileType = sourcecode.c.objc; path = CADemoRootTableViewController.m; sourceTree = "<group>"; };
		A6FC6ACE1F6D597600351A9C /* LeavesViewController.h */ = {isa = PBXFileReference; lastKnownFileType = sourcecode.c.h; path = LeavesViewController.h; sourceTree = "<group>"; };
		A6FC6ACF1F6D597600351A9C /* LeavesViewController.m */ = {isa = PBXFileReference; lastKnownFileType = sourcecode.c.objc; path = LeavesViewController.m; sourceTree = "<group>"; };
		A6FC6AD11F6D597600351A9C /* AVPlayerLayerViewController.h */ = {isa = PBXFileReference; lastKnownFileType = sourcecode.c.h; path = AVPlayerLayerViewController.h; sourceTree = "<group>"; };
		A6FC6AD21F6D597600351A9C /* AVPlayerLayerViewController.m */ = {isa = PBXFileReference; lastKnownFileType = sourcecode.c.objc; path = AVPlayerLayerViewController.m; sourceTree = "<group>"; };
		A6FC6AD31F6D597600351A9C /* BatmanViewController.h */ = {isa = PBXFileReference; lastKnownFileType = sourcecode.c.h; path = BatmanViewController.h; sourceTree = "<group>"; };
		A6FC6AD41F6D597600351A9C /* BatmanViewController.m */ = {isa = PBXFileReference; lastKnownFileType = sourcecode.c.objc; path = BatmanViewController.m; sourceTree = "<group>"; };
		A6FC6AD51F6D597600351A9C /* CALayer+Additions.h */ = {isa = PBXFileReference; lastKnownFileType = sourcecode.c.h; path = "CALayer+Additions.h"; sourceTree = "<group>"; };
		A6FC6AD61F6D597600351A9C /* CALayer+Additions.m */ = {isa = PBXFileReference; lastKnownFileType = sourcecode.c.objc; path = "CALayer+Additions.m"; sourceTree = "<group>"; };
		A6FC6AD71F6D597600351A9C /* ImplicitAnimationsViewController.h */ = {isa = PBXFileReference; lastKnownFileType = sourcecode.c.h; path = ImplicitAnimationsViewController.h; sourceTree = "<group>"; };
		A6FC6AD81F6D597600351A9C /* ImplicitAnimationsViewController.m */ = {isa = PBXFileReference; lastKnownFileType = sourcecode.c.objc; path = ImplicitAnimationsViewController.m; sourceTree = "<group>"; };
		A6FC6AD91F6D597600351A9C /* MakeItStickViewController.h */ = {isa = PBXFileReference; lastKnownFileType = sourcecode.c.h; path = MakeItStickViewController.h; sourceTree = "<group>"; };
		A6FC6ADA1F6D597600351A9C /* MakeItStickViewController.m */ = {isa = PBXFileReference; lastKnownFileType = sourcecode.c.objc; path = MakeItStickViewController.m; sourceTree = "<group>"; };
		A6FC6ADB1F6D597600351A9C /* NSAViewController.h */ = {isa = PBXFileReference; lastKnownFileType = sourcecode.c.h; path = NSAViewController.h; sourceTree = "<group>"; };
		A6FC6ADC1F6D597600351A9C /* NSAViewController.m */ = {isa = PBXFileReference; lastKnownFileType = sourcecode.c.objc; path = NSAViewController.m; sourceTree = "<group>"; };
		A6FC6ADD1F6D597600351A9C /* PacmanViewController.h */ = {isa = PBXFileReference; lastKnownFileType = sourcecode.c.h; path = PacmanViewController.h; sourceTree = "<group>"; };
		A6FC6ADE1F6D597600351A9C /* PacmanViewController.m */ = {isa = PBXFileReference; lastKnownFileType = sourcecode.c.objc; path = PacmanViewController.m; sourceTree = "<group>"; };
		A6FC6ADF1F6D597600351A9C /* PulseViewController.h */ = {isa = PBXFileReference; lastKnownFileType = sourcecode.c.h; path = PulseViewController.h; sourceTree = "<group>"; };
		A6FC6AE01F6D597600351A9C /* PulseViewController.m */ = {isa = PBXFileReference; lastKnownFileType = sourcecode.c.objc; path = PulseViewController.m; sourceTree = "<group>"; };
		A6FC6AE11F6D597600351A9C /* ReflectionViewController.h */ = {isa = PBXFileReference; lastKnownFileType = sourcecode.c.h; path = ReflectionViewController.h; sourceTree = "<group>"; };
		A6FC6AE21F6D597600351A9C /* ReflectionViewController.m */ = {isa = PBXFileReference; lastKnownFileType = sourcecode.c.objc; path = ReflectionViewController.m; sourceTree = "<group>"; };
		A6FC6AE31F6D597600351A9C /* SublayerTransformViewController.h */ = {isa = PBXFileReference; lastKnownFileType = sourcecode.c.h; path = SublayerTransformViewController.h; sourceTree = "<group>"; };
		A6FC6AE41F6D597600351A9C /* SublayerTransformViewController.m */ = {isa = PBXFileReference; lastKnownFileType = sourcecode.c.objc; path = SublayerTransformViewController.m; sourceTree = "<group>"; };
		A6FC6AE51F6D597600351A9C /* TachometerViewController.h */ = {isa = PBXFileReference; lastKnownFileType = sourcecode.c.h; path = TachometerViewController.h; sourceTree = "<group>"; };
		A6FC6AE61F6D597600351A9C /* TachometerViewController.m */ = {isa = PBXFileReference; lastKnownFileType = sourcecode.c.objc; path = TachometerViewController.m; sourceTree = "<group>"; };
		A6FC6AE91F6D597600351A9C /* README.md */ = {isa = PBXFileReference; lastKnownFileType = net.daringfireball.markdown; path = README.md; sourceTree = "<group>"; };
		A6FC6AEC1F6D597600351A9C /* engine.caf */ = {isa = PBXFileReference; lastKnownFileType = file; path = engine.caf; sourceTree = "<group>"; };
		A6FC6AEE1F6D597600351A9C /* arrow-down.png */ = {isa = PBXFileReference; lastKnownFileType = image.png; path = "arrow-down.png"; sourceTree = "<group>"; };
		A6FC6AEF1F6D597600351A9C /* arrow-left.png */ = {isa = PBXFileReference; lastKnownFileType = image.png; path = "arrow-left.png"; sourceTree = "<group>"; };
		A6FC6AF01F6D597600351A9C /* arrow-right.png */ = {isa = PBXFileReference; lastKnownFileType = image.png; path = "arrow-right.png"; sourceTree = "<group>"; };
		A6FC6AF11F6D597600351A9C /* arrow-up.png */ = {isa = PBXFileReference; lastKnownFileType = image.png; path = "arrow-up.png"; sourceTree = "<group>"; };
		A6FC6AF21F6D597600351A9C /* backView.png */ = {isa = PBXFileReference; lastKnownFileType = image.png; path = backView.png; sourceTree = "<group>"; };
		A6FC6AF31F6D597600351A9C /* batman.png */ = {isa = PBXFileReference; lastKnownFileType = image.png; path = batman.png; sourceTree = "<group>"; };
		A6FC6AF41F6D597600351A9C /* batman@2x.png */ = {isa = PBXFileReference; lastKnownFileType = image.png; path = "batman@2x.png"; sourceTree = "<group>"; };
		A6FC6AF51F6D597600351A9C /* BatmanButton.png */ = {isa = PBXFileReference; lastKnownFileType = image.png; path = BatmanButton.png; sourceTree = "<group>"; };
		A6FC6AF61F6D597600351A9C /* BatmanButton@2x.png */ = {isa = PBXFileReference; lastKnownFileType = image.png; path = "BatmanButton@2x.png"; sourceTree = "<group>"; };
		A6FC6AF71F6D597600351A9C /* BobMcCune.png */ = {isa = PBXFileReference; lastKnownFileType = image.png; path = BobMcCune.png; sourceTree = "<group>"; };
		A6FC6AF81F6D597600351A9C /* caLogo.png */ = {isa = PBXFileReference; lastKnownFileType = image.png; path = caLogo.png; sourceTree = "<group>"; };
		A6FC6AF91F6D597600351A9C /* corkboard.png */ = {isa = PBXFileReference; lastKnownFileType = image.png; path = corkboard.png; sourceTree = "<group>"; };
		A6FC6AFA1F6D597600351A9C /* Default-568h@2x.png */ = {isa = PBXFileReference; lastKnownFileType = image.png; path = "Default-568h@2x.png"; sourceTree = "<group>"; };
		A6FC6AFB1F6D597600351A9C /* heart.png */ = {isa = PBXFileReference; lastKnownFileType = image.png; path = heart.png; sourceTree = "<group>"; };
		A6FC6AFC1F6D597600351A9C /* mountains.png */ = {isa = PBXFileReference; lastKnownFileType = image.png; path = mountains.png; sourceTree = "<group>"; };
		A6FC6AFD1F6D597600351A9C /* new_note_icon.png */ = {isa = PBXFileReference; lastKnownFileType = image.png; path = new_note_icon.png; sourceTree = "<group>"; };
		A6FC6AFE1F6D597600351A9C /* obama.png */ = {isa = PBXFileReference; lastKnownFileType = image.png; path = obama.png; sourceTree = "<group>"; };
		A6FC6AFF1F6D597600351A9C /* pattern.png */ = {isa = PBXFileReference; lastKnownFileType = image.png; path = pattern.png; sourceTree = "<group>"; };
		A6FC6B001F6D597600351A9C /* pin.png */ = {isa = PBXFileReference; lastKnownFileType = image.png; path = pin.png; sourceTree = "<group>"; };
		A6FC6B011F6D597600351A9C /* pin@2x.png */ = {isa = PBXFileReference; lastKnownFileType = image.png; path = "pin@2x.png"; sourceTree = "<group>"; };
		A6FC6B021F6D597600351A9C /* tach.png */ = {isa = PBXFileReference; lastKnownFileType = image.png; path = tach.png; sourceTree = "<group>"; };
		A6FC6B031F6D597600351A9C /* tach@2x.png */ = {isa = PBXFileReference; lastKnownFileType = image.png; path = "tach@2x.png"; sourceTree = "<group>"; };
		A6FC6B051F6D597600351A9C /* cyborg.m4v */ = {isa = PBXFileReference; lastKnownFileType = file; path = cyborg.m4v; sourceTree = "<group>"; };
		A6FC6B071F6D597600351A9C /* BatmanView.xib */ = {isa = PBXFileReference; lastKnownFileType = file.xib; path = BatmanView.xib; sourceTree = "<group>"; };
		A6FC6B081F6D597600351A9C /* CoreAnimationView.xib */ = {isa = PBXFileReference; lastKnownFileType = file.xib; path = CoreAnimationView.xib; sourceTree = "<group>"; };
		A6FC6B091F6D597600351A9C /* LayerView.xib */ = {isa = PBXFileReference; lastKnownFileType = file.xib; path = LayerView.xib; sourceTree = "<group>"; };
		A6FC6B0B1F6D597600351A9C /* RootViewController.xib */ = {isa = PBXFileReference; lastKnownFileType = file.xib; path = RootViewController.xib; sourceTree = "<group>"; };
		A6FC6B0D1F6D597600351A9C /* FlipViewController.h */ = {isa = PBXFileReference; lastKnownFileType = sourcecode.c.h; path = FlipViewController.h; sourceTree = "<group>"; };
		A6FC6B0E1F6D597600351A9C /* FlipViewController.m */ = {isa = PBXFileReference; lastKnownFileType = sourcecode.c.objc; path = FlipViewController.m; sourceTree = "<group>"; };
		A6FC6B0F1F6D597600351A9C /* NoteView.h */ = {isa = PBXFileReference; lastKnownFileType = sourcecode.c.h; path = NoteView.h; sourceTree = "<group>"; };
		A6FC6B101F6D597600351A9C /* NoteView.m */ = {isa = PBXFileReference; lastKnownFileType = sourcecode.c.objc; path = NoteView.m; sourceTree = "<group>"; };
		A6FC6B111F6D597600351A9C /* SimpleViewPropertyAnimation.h */ = {isa = PBXFileReference; lastKnownFileType = sourcecode.c.h; path = SimpleViewPropertyAnimation.h; sourceTree = "<group>"; };
		A6FC6B121F6D597600351A9C /* SimpleViewPropertyAnimation.m */ = {isa = PBXFileReference; lastKnownFileType = sourcecode.c.objc; path = SimpleViewPropertyAnimation.m; sourceTree = "<group>"; };
		A6FC6B131F6D597600351A9C /* StickyNotesViewController.h */ = {isa = PBXFileReference; lastKnownFileType = sourcecode.c.h; path = StickyNotesViewController.h; sourceTree = "<group>"; };
		A6FC6B141F6D597600351A9C /* StickyNotesViewController.m */ = {isa = PBXFileReference; lastKnownFileType = sourcecode.c.objc; path = StickyNotesViewController.m; sourceTree = "<group>"; };
/* End PBXFileReference section */

/* Begin PBXFrameworksBuildPhase section */
		A65607BE1F6506BC0063E9A2 /* Frameworks */ = {
			isa = PBXFrameworksBuildPhase;
			buildActionMask = 2147483647;
			files = (
			);
			runOnlyForDeploymentPostprocessing = 0;
		};
		A65607DA1F6506BC0063E9A2 /* Frameworks */ = {
			isa = PBXFrameworksBuildPhase;
			buildActionMask = 2147483647;
			files = (
			);
			runOnlyForDeploymentPostprocessing = 0;
		};
		A65607E51F6506BC0063E9A2 /* Frameworks */ = {
			isa = PBXFrameworksBuildPhase;
			buildActionMask = 2147483647;
			files = (
			);
			runOnlyForDeploymentPostprocessing = 0;
		};
/* End PBXFrameworksBuildPhase section */

/* Begin PBXGroup section */
		A65607B81F6506BC0063E9A2 = {
			isa = PBXGroup;
			children = (
				A65607C31F6506BC0063E9A2 /* Classes */,
				A65607E01F6506BC0063E9A2 /* DouyuTests */,
				A65607EB1F6506BC0063E9A2 /* DouyuUITests */,
				A65607C21F6506BC0063E9A2 /* Products */,
			);
			sourceTree = "<group>";
		};
		A65607C21F6506BC0063E9A2 /* Products */ = {
			isa = PBXGroup;
			children = (
				A65607C11F6506BC0063E9A2 /* iOSTutorial.app */,
				A65607DD1F6506BC0063E9A2 /* iOSTutorialTests.xctest */,
				A65607E81F6506BC0063E9A2 /* iOSTutorialUITests.xctest */,
			);
			name = Products;
			sourceTree = "<group>";
		};
		A65607C31F6506BC0063E9A2 /* Classes */ = {
			isa = PBXGroup;
			children = (
				A65D3B1D1F6D2F3500117D55 /* ThirdUI */,
				A656080F1F650BEC0063E9A2 /* Main */,
				A656080E1F650BEC0063E9A2 /* Home */,
				A65608111F650C830063E9A2 /* Live */,
				A656080D1F650BEC0063E9A2 /* Follow */,
				A65608101F650BEC0063E9A2 /* Profile */,
				A6CCB99A1F651E3500428D21 /* Tools */,
				A6CCB9981F6512F000428D21 /* Assets.xcassets */,
				A65607C71F6506BC0063E9A2 /* AppDelegate.h */,
				A65607C81F6506BC0063E9A2 /* AppDelegate.m */,
				A65607C41F6506BC0063E9A2 /* Supporting Files */,
				A6CCB99B1F6520CE00428D21 /* ConstValues.h */,
			);
			name = Classes;
			path = Douyu;
			sourceTree = "<group>";
		};
		A65607C41F6506BC0063E9A2 /* Supporting Files */ = {
			isa = PBXGroup;
			children = (
				A65607D51F6506BC0063E9A2 /* LaunchScreen.storyboard */,
				A65607D81F6506BC0063E9A2 /* Info.plist */,
				A6CCB9A71F69759A00428D21 /* YYS(WL)-color.mp4 */,
				A65607C51F6506BC0063E9A2 /* main.m */,
				A663FF4F1F6D5C0500E18CB7 /* IOSTutorial.pch */,
			);
			name = "Supporting Files";
			sourceTree = "<group>";
		};
		A65607E01F6506BC0063E9A2 /* DouyuTests */ = {
			isa = PBXGroup;
			children = (
				A65607E11F6506BC0063E9A2 /* DouyuTests.m */,
				A65607E31F6506BC0063E9A2 /* Info.plist */,
			);
			path = DouyuTests;
			sourceTree = "<group>";
		};
		A65607EB1F6506BC0063E9A2 /* DouyuUITests */ = {
			isa = PBXGroup;
			children = (
				A65607EC1F6506BC0063E9A2 /* DouyuUITests.m */,
				A65607EE1F6506BC0063E9A2 /* Info.plist */,
			);
			path = DouyuUITests;
			sourceTree = "<group>";
		};
		A656080D1F650BEC0063E9A2 /* Follow */ = {
			isa = PBXGroup;
			children = (
				A65608191F650D8F0063E9A2 /* Model */,
				A656081A1F650D8F0063E9A2 /* View */,
				A65608151F650D8F0063E9A2 /* Controller */,
				A65608161F650D8F0063E9A2 /* Follow.storyboard */,
				A65608171F650D8F0063E9A2 /* FollowViewController.h */,
				A65608181F650D8F0063E9A2 /* FollowViewController.m */,
			);
			path = Follow;
			sourceTree = "<group>";
		};
		A656080E1F650BEC0063E9A2 /* Home */ = {
			isa = PBXGroup;
			children = (
				A65608311F650E950063E9A2 /* Model */,
				A65608321F650E950063E9A2 /* View */,
				A656082D1F650E950063E9A2 /* Controller */,
				A656082E1F650E950063E9A2 /* Home.storyboard */,
				A656082F1F650E950063E9A2 /* HomeViewController.h */,
				A65608301F650E950063E9A2 /* HomeViewController.m */,
			);
			path = Home;
			sourceTree = "<group>";
		};
		A656080F1F650BEC0063E9A2 /* Main */ = {
			isa = PBXGroup;
			children = (
				A65608391F650EC10063E9A2 /* Model */,
				A656083A1F650EC10063E9A2 /* View */,
				A65608351F650EC10063E9A2 /* Controller */,
				A65608361F650EC10063E9A2 /* Main.storyboard */,
				A65608371F650EC10063E9A2 /* MainViewController.h */,
				A65608381F650EC10063E9A2 /* MainViewController.m */,
			);
			path = Main;
			sourceTree = "<group>";
		};
		A65608101F650BEC0063E9A2 /* Profile */ = {
			isa = PBXGroup;
			children = (
				A656081E1F650E480063E9A2 /* Model */,
				A65608221F650E480063E9A2 /* View */,
				A656081D1F650E480063E9A2 /* Controller */,
			);
			path = Profile;
			sourceTree = "<group>";
		};
		A65608111F650C830063E9A2 /* Live */ = {
			isa = PBXGroup;
			children = (
				A65608291F650E7D0063E9A2 /* Model */,
				A656082A1F650E7D0063E9A2 /* View */,
				A65608251F650E7D0063E9A2 /* Controller */,
				A65608261F650E7D0063E9A2 /* Live.storyboard */,
				A65608271F650E7D0063E9A2 /* LiveViewController.h */,
				A65608281F650E7D0063E9A2 /* LiveViewController.m */,
			);
			path = Live;
			sourceTree = "<group>";
		};
		A65608151F650D8F0063E9A2 /* Controller */ = {
			isa = PBXGroup;
			children = (
			);
			path = Controller;
			sourceTree = "<group>";
		};
		A65608191F650D8F0063E9A2 /* Model */ = {
			isa = PBXGroup;
			children = (
			);
			path = Model;
			sourceTree = "<group>";
		};
		A656081A1F650D8F0063E9A2 /* View */ = {
			isa = PBXGroup;
			children = (
			);
			path = View;
			sourceTree = "<group>";
		};
		A656081D1F650E480063E9A2 /* Controller */ = {
			isa = PBXGroup;
			children = (
				A65608211F650E480063E9A2 /* ProfileViewController.m */,
				A656081F1F650E480063E9A2 /* Profile.storyboard */,
				A65608201F650E480063E9A2 /* ProfileViewController.h */,
			);
			path = Controller;
			sourceTree = "<group>";
		};
		A656081E1F650E480063E9A2 /* Model */ = {
			isa = PBXGroup;
			children = (
			);
			path = Model;
			sourceTree = "<group>";
		};
		A65608221F650E480063E9A2 /* View */ = {
			isa = PBXGroup;
			children = (
			);
			path = View;
			sourceTree = "<group>";
		};
		A65608251F650E7D0063E9A2 /* Controller */ = {
			isa = PBXGroup;
			children = (
			);
			path = Controller;
			sourceTree = "<group>";
		};
		A65608291F650E7D0063E9A2 /* Model */ = {
			isa = PBXGroup;
			children = (
			);
			path = Model;
			sourceTree = "<group>";
		};
		A656082A1F650E7D0063E9A2 /* View */ = {
			isa = PBXGroup;
			children = (
			);
			path = View;
			sourceTree = "<group>";
		};
		A656082D1F650E950063E9A2 /* Controller */ = {
			isa = PBXGroup;
			children = (
			);
			path = Controller;
			sourceTree = "<group>";
		};
		A65608311F650E950063E9A2 /* Model */ = {
			isa = PBXGroup;
			children = (
			);
			path = Model;
			sourceTree = "<group>";
		};
		A65608321F650E950063E9A2 /* View */ = {
			isa = PBXGroup;
			children = (
			);
			path = View;
			sourceTree = "<group>";
		};
		A65608351F650EC10063E9A2 /* Controller */ = {
			isa = PBXGroup;
			children = (
			);
			path = Controller;
			sourceTree = "<group>";
		};
		A65608391F650EC10063E9A2 /* Model */ = {
			isa = PBXGroup;
			children = (
			);
			path = Model;
			sourceTree = "<group>";
		};
		A656083A1F650EC10063E9A2 /* View */ = {
			isa = PBXGroup;
			children = (
				A656083D1F650F4E0063E9A2 /* PageTitleView.h */,
				A656083E1F650F4E0063E9A2 /* PageTitleView.m */,
				A6CCB99C1F652F2000428D21 /* PageContentView.h */,
				A6CCB99D1F652F2000428D21 /* PageContentView.m */,
			);
			path = View;
			sourceTree = "<group>";
		};
		A65D3B1D1F6D2F3500117D55 /* ThirdUI */ = {
			isa = PBXGroup;
			children = (
				A65D3B1E1F6D304100117D55 /* Animation */,
				A65D3B1F1F6D304100117D55 /* Media */,
				A65D3B201F6D304100117D55 /* OpenGL */,
				A65D3B211F6D304100117D55 /* Player */,
				A65D3B221F6D304100117D55 /* UI */,
				A65D3B231F6D304100117D55 /* UI-Transition */,
				A65D3B301F6D344E00117D55 /* ThirdTableViewController.h */,
				A65D3B311F6D344E00117D55 /* ThirdTableViewController.m */,
			);
			path = ThirdUI;
			sourceTree = "<group>";
		};
		A65D3B1E1F6D304100117D55 /* Animation */ = {
			isa = PBXGroup;
			children = (
				A6FC6ACA1F6D597600351A9C /* bobmccune.com */,
			);
			path = Animation;
			sourceTree = "<group>";
		};
		A65D3B1F1F6D304100117D55 /* Media */ = {
			isa = PBXGroup;
			children = (
			);
			path = Media;
			sourceTree = "<group>";
		};
		A65D3B201F6D304100117D55 /* OpenGL */ = {
			isa = PBXGroup;
			children = (
			);
			path = OpenGL;
			sourceTree = "<group>";
		};
		A65D3B211F6D304100117D55 /* Player */ = {
			isa = PBXGroup;
			children = (
			);
			path = Player;
			sourceTree = "<group>";
		};
		A65D3B221F6D304100117D55 /* UI */ = {
			isa = PBXGroup;
			children = (
				A65D3B241F6D30A900117D55 /* Popover */,
			);
			path = UI;
			sourceTree = "<group>";
		};
		A65D3B231F6D304100117D55 /* UI-Transition */ = {
			isa = PBXGroup;
			children = (
				A6FC6A691F6D4CCD00351A9C /* CustomTransitions */,
			);
			path = "UI-Transition";
			sourceTree = "<group>";
		};
		A65D3B241F6D30A900117D55 /* Popover */ = {
			isa = PBXGroup;
			children = (
				A65D3B281F6D314D00117D55 /* DemoPopViewController.h */,
				A65D3B291F6D314D00117D55 /* DemoPopViewController.m */,
				A65D3B251F6D30A900117D55 /* PopViewController.h */,
				A65D3B261F6D30A900117D55 /* PopViewController.m */,
			);
			path = Popover;
			sourceTree = "<group>";
		};
		A6CCB99A1F651E3500428D21 /* Tools */ = {
			isa = PBXGroup;
			children = (
				A6CCB99F1F654D6500428D21 /* UIColor+Utils.h */,
				A6CCB9A01F654D6500428D21 /* UIColor+Utils.m */,
			);
			path = Tools;
			sourceTree = "<group>";
		};
		A6FC6A691F6D4CCD00351A9C /* CustomTransitions */ = {
			isa = PBXGroup;
			children = (
				A6FC6AC81F6D530A00351A9C /* CustomTransition.storyboard */,
				A6FC6A6C1F6D4CCD00351A9C /* AAPLExternalStoryboardSegue.h */,
				A6FC6A6D1F6D4CCD00351A9C /* AAPLExternalStoryboardSegue.m */,
				A6FC6A6E1F6D4CCD00351A9C /* AAPLMenuViewController.h */,
				A6FC6A6F1F6D4CCD00351A9C /* AAPLMenuViewController.m */,
				A6FC6A701F6D4CCD00351A9C /* Adaptive Presentation */,
				A6FC6A7E1F6D4CCD00351A9C /* Checkerboard */,
				A6FC6A841F6D4CCD00351A9C /* Cross Dissolve */,
				A6FC6A8C1F6D4CCD00351A9C /* Custom Presentation */,
				A6FC6A971F6D4CCD00351A9C /* Slide */,
				A6FC6A9F1F6D4CCD00351A9C /* Swipe */,
			);
			path = CustomTransitions;
			sourceTree = "<group>";
		};
		A6FC6A701F6D4CCD00351A9C /* Adaptive Presentation */ = {
			isa = PBXGroup;
			children = (
				A6FC6A711F6D4CCD00351A9C /* AAPLAdaptivePresentationController.h */,
				A6FC6A721F6D4CCD00351A9C /* AAPLAdaptivePresentationController.m */,
				A6FC6A731F6D4CCD00351A9C /* AAPLAdaptivePresentationFirstViewController.h */,
				A6FC6A741F6D4CCD00351A9C /* AAPLAdaptivePresentationFirstViewController.m */,
				A6FC6A751F6D4CCD00351A9C /* AAPLAdaptivePresentationSecondViewController.h */,
				A6FC6A761F6D4CCD00351A9C /* AAPLAdaptivePresentationSecondViewController.m */,
				A6FC6A771F6D4CCD00351A9C /* AAPLAdaptivePresentationSegue.h */,
				A6FC6A781F6D4CCD00351A9C /* AAPLAdaptivePresentationSegue.m */,
				A6FC6A791F6D4CCD00351A9C /* AdaptivePresentation.storyboard */,
			);
			path = "Adaptive Presentation";
			sourceTree = "<group>";
		};
		A6FC6A7E1F6D4CCD00351A9C /* Checkerboard */ = {
			isa = PBXGroup;
			children = (
				A6FC6A7F1F6D4CCD00351A9C /* AAPLCheckerboardFirstViewController.h */,
				A6FC6A801F6D4CCD00351A9C /* AAPLCheckerboardFirstViewController.m */,
				A6FC6A811F6D4CCD00351A9C /* AAPLCheckerboardTransitionAnimator.h */,
				A6FC6A821F6D4CCD00351A9C /* AAPLCheckerboardTransitionAnimator.m */,
				A6FC6A831F6D4CCD00351A9C /* Checkerboard.storyboard */,
			);
			path = Checkerboard;
			sourceTree = "<group>";
		};
		A6FC6A841F6D4CCD00351A9C /* Cross Dissolve */ = {
			isa = PBXGroup;
			children = (
				A6FC6A851F6D4CCD00351A9C /* AAPLCrossDissolveFirstViewController.h */,
				A6FC6A861F6D4CCD00351A9C /* AAPLCrossDissolveFirstViewController.m */,
				A6FC6A871F6D4CCD00351A9C /* AAPLCrossDissolveSecondViewController.h */,
				A6FC6A881F6D4CCD00351A9C /* AAPLCrossDissolveSecondViewController.m */,
				A6FC6A891F6D4CCD00351A9C /* AAPLCrossDissolveTransitionAnimator.h */,
				A6FC6A8A1F6D4CCD00351A9C /* AAPLCrossDissolveTransitionAnimator.m */,
				A6FC6A8B1F6D4CCD00351A9C /* CrossDissolve.storyboard */,
			);
			path = "Cross Dissolve";
			sourceTree = "<group>";
		};
		A6FC6A8C1F6D4CCD00351A9C /* Custom Presentation */ = {
			isa = PBXGroup;
			children = (
				A6FC6A8D1F6D4CCD00351A9C /* AAPLCustomPresentationController.h */,
				A6FC6A8E1F6D4CCD00351A9C /* AAPLCustomPresentationController.m */,
				A6FC6A8F1F6D4CCD00351A9C /* AAPLCustomPresentationFirstViewController.h */,
				A6FC6A901F6D4CCD00351A9C /* AAPLCustomPresentationFirstViewController.m */,
				A6FC6A911F6D4CCD00351A9C /* AAPLCustomPresentationSecondViewController.h */,
				A6FC6A921F6D4CCD00351A9C /* AAPLCustomPresentationSecondViewController.m */,
				A6FC6A931F6D4CCD00351A9C /* CustomPresentation.storyboard */,
			);
			path = "Custom Presentation";
			sourceTree = "<group>";
		};
		A6FC6A971F6D4CCD00351A9C /* Slide */ = {
			isa = PBXGroup;
			children = (
				A6FC6A981F6D4CCD00351A9C /* AAPLSlideTransitionAnimator.h */,
				A6FC6A991F6D4CCD00351A9C /* AAPLSlideTransitionAnimator.m */,
				A6FC6A9A1F6D4CCD00351A9C /* AAPLSlideTransitionDelegate.h */,
				A6FC6A9B1F6D4CCD00351A9C /* AAPLSlideTransitionDelegate.m */,
				A6FC6A9C1F6D4CCD00351A9C /* AAPLSlideTransitionInteractionController.h */,
				A6FC6A9D1F6D4CCD00351A9C /* AAPLSlideTransitionInteractionController.m */,
				A6FC6A9E1F6D4CCD00351A9C /* Slide.storyboard */,
			);
			path = Slide;
			sourceTree = "<group>";
		};
		A6FC6A9F1F6D4CCD00351A9C /* Swipe */ = {
			isa = PBXGroup;
			children = (
				A6FC6AA01F6D4CCD00351A9C /* AAPLSwipeFirstViewController.h */,
				A6FC6AA11F6D4CCD00351A9C /* AAPLSwipeFirstViewController.m */,
				A6FC6AA21F6D4CCD00351A9C /* AAPLSwipeSecondViewController.h */,
				A6FC6AA31F6D4CCD00351A9C /* AAPLSwipeSecondViewController.m */,
				A6FC6AA41F6D4CCD00351A9C /* AAPLSwipeTransitionAnimator.h */,
				A6FC6AA51F6D4CCD00351A9C /* AAPLSwipeTransitionAnimator.m */,
				A6FC6AA61F6D4CCD00351A9C /* AAPLSwipeTransitionDelegate.h */,
				A6FC6AA71F6D4CCD00351A9C /* AAPLSwipeTransitionDelegate.m */,
				A6FC6AA81F6D4CCD00351A9C /* AAPLSwipeTransitionInteractionController.h */,
				A6FC6AA91F6D4CCD00351A9C /* AAPLSwipeTransitionInteractionController.m */,
				A6FC6AAA1F6D4CCD00351A9C /* Swipe.storyboard */,
			);
			path = Swipe;
			sourceTree = "<group>";
		};
		A6FC6ACA1F6D597600351A9C /* bobmccune.com */ = {
			isa = PBXGroup;
			children = (
				A6FC6ACB1F6D597600351A9C /* CADemoRootTableViewController.h */,
				A6FC6ACC1F6D597600351A9C /* CADemoRootTableViewController.m */,
				A6FC6ACD1F6D597600351A9C /* CGAffineTransform */,
				A6FC6AD01F6D597600351A9C /* CoreAnimation */,
				A6FC6AE91F6D597600351A9C /* README.md */,
				A6FC6AEA1F6D597600351A9C /* Resources */,
				A6FC6B0C1F6D597600351A9C /* UIKitAnimation */,
			);
			path = bobmccune.com;
			sourceTree = "<group>";
		};
		A6FC6ACD1F6D597600351A9C /* CGAffineTransform */ = {
			isa = PBXGroup;
			children = (
				A6FC6ACE1F6D597600351A9C /* LeavesViewController.h */,
				A6FC6ACF1F6D597600351A9C /* LeavesViewController.m */,
			);
			path = CGAffineTransform;
			sourceTree = "<group>";
		};
		A6FC6AD01F6D597600351A9C /* CoreAnimation */ = {
			isa = PBXGroup;
			children = (
				A6FC6AD11F6D597600351A9C /* AVPlayerLayerViewController.h */,
				A6FC6AD21F6D597600351A9C /* AVPlayerLayerViewController.m */,
				A6FC6AD31F6D597600351A9C /* BatmanViewController.h */,
				A6FC6AD41F6D597600351A9C /* BatmanViewController.m */,
				A6FC6AD51F6D597600351A9C /* CALayer+Additions.h */,
				A6FC6AD61F6D597600351A9C /* CALayer+Additions.m */,
				A6FC6AD71F6D597600351A9C /* ImplicitAnimationsViewController.h */,
				A6FC6AD81F6D597600351A9C /* ImplicitAnimationsViewController.m */,
				A6FC6AD91F6D597600351A9C /* MakeItStickViewController.h */,
				A6FC6ADA1F6D597600351A9C /* MakeItStickViewController.m */,
				A6FC6ADB1F6D597600351A9C /* NSAViewController.h */,
				A6FC6ADC1F6D597600351A9C /* NSAViewController.m */,
				A6FC6ADD1F6D597600351A9C /* PacmanViewController.h */,
				A6FC6ADE1F6D597600351A9C /* PacmanViewController.m */,
				A6FC6ADF1F6D597600351A9C /* PulseViewController.h */,
				A6FC6AE01F6D597600351A9C /* PulseViewController.m */,
				A6FC6AE11F6D597600351A9C /* ReflectionViewController.h */,
				A6FC6AE21F6D597600351A9C /* ReflectionViewController.m */,
				A6FC6AE31F6D597600351A9C /* SublayerTransformViewController.h */,
				A6FC6AE41F6D597600351A9C /* SublayerTransformViewController.m */,
				A6FC6AE51F6D597600351A9C /* TachometerViewController.h */,
				A6FC6AE61F6D597600351A9C /* TachometerViewController.m */,
			);
			path = CoreAnimation;
			sourceTree = "<group>";
		};
		A6FC6AEA1F6D597600351A9C /* Resources */ = {
			isa = PBXGroup;
			children = (
				A6FC6AEB1F6D597600351A9C /* Audio */,
				A6FC6AED1F6D597600351A9C /* Images */,
				A6FC6B041F6D597600351A9C /* Videos */,
				A6FC6B061F6D597600351A9C /* XIBs */,
			);
			path = Resources;
			sourceTree = "<group>";
		};
		A6FC6AEB1F6D597600351A9C /* Audio */ = {
			isa = PBXGroup;
			children = (
				A6FC6AEC1F6D597600351A9C /* engine.caf */,
			);
			path = Audio;
			sourceTree = "<group>";
		};
		A6FC6AED1F6D597600351A9C /* Images */ = {
			isa = PBXGroup;
			children = (
				A6FC6AEE1F6D597600351A9C /* arrow-down.png */,
				A6FC6AEF1F6D597600351A9C /* arrow-left.png */,
				A6FC6AF01F6D597600351A9C /* arrow-right.png */,
				A6FC6AF11F6D597600351A9C /* arrow-up.png */,
				A6FC6AF21F6D597600351A9C /* backView.png */,
				A6FC6AF31F6D597600351A9C /* batman.png */,
				A6FC6AF41F6D597600351A9C /* batman@2x.png */,
				A6FC6AF51F6D597600351A9C /* BatmanButton.png */,
				A6FC6AF61F6D597600351A9C /* BatmanButton@2x.png */,
				A6FC6AF71F6D597600351A9C /* BobMcCune.png */,
				A6FC6AF81F6D597600351A9C /* caLogo.png */,
				A6FC6AF91F6D597600351A9C /* corkboard.png */,
				A6FC6AFA1F6D597600351A9C /* Default-568h@2x.png */,
				A6FC6AFB1F6D597600351A9C /* heart.png */,
				A6FC6AFC1F6D597600351A9C /* mountains.png */,
				A6FC6AFD1F6D597600351A9C /* new_note_icon.png */,
				A6FC6AFE1F6D597600351A9C /* obama.png */,
				A6FC6AFF1F6D597600351A9C /* pattern.png */,
				A6FC6B001F6D597600351A9C /* pin.png */,
				A6FC6B011F6D597600351A9C /* pin@2x.png */,
				A6FC6B021F6D597600351A9C /* tach.png */,
				A6FC6B031F6D597600351A9C /* tach@2x.png */,
			);
			path = Images;
			sourceTree = "<group>";
		};
		A6FC6B041F6D597600351A9C /* Videos */ = {
			isa = PBXGroup;
			children = (
				A6FC6B051F6D597600351A9C /* cyborg.m4v */,
			);
			path = Videos;
			sourceTree = "<group>";
		};
		A6FC6B061F6D597600351A9C /* XIBs */ = {
			isa = PBXGroup;
			children = (
				A6FC6B071F6D597600351A9C /* BatmanView.xib */,
				A6FC6B081F6D597600351A9C /* CoreAnimationView.xib */,
				A6FC6B091F6D597600351A9C /* LayerView.xib */,
				A6FC6B0B1F6D597600351A9C /* RootViewController.xib */,
			);
			path = XIBs;
			sourceTree = "<group>";
		};
		A6FC6B0C1F6D597600351A9C /* UIKitAnimation */ = {
			isa = PBXGroup;
			children = (
				A6FC6B0D1F6D597600351A9C /* FlipViewController.h */,
				A6FC6B0E1F6D597600351A9C /* FlipViewController.m */,
				A6FC6B0F1F6D597600351A9C /* NoteView.h */,
				A6FC6B101F6D597600351A9C /* NoteView.m */,
				A6FC6B111F6D597600351A9C /* SimpleViewPropertyAnimation.h */,
				A6FC6B121F6D597600351A9C /* SimpleViewPropertyAnimation.m */,
				A6FC6B131F6D597600351A9C /* StickyNotesViewController.h */,
				A6FC6B141F6D597600351A9C /* StickyNotesViewController.m */,
			);
			path = UIKitAnimation;
			sourceTree = "<group>";
		};
/* End PBXGroup section */

/* Begin PBXNativeTarget section */
		A65607C01F6506BC0063E9A2 /* iOSTutorial */ = {
			isa = PBXNativeTarget;
			buildConfigurationList = A65607F11F6506BC0063E9A2 /* Build configuration list for PBXNativeTarget "iOSTutorial" */;
			buildPhases = (
				A65607BD1F6506BC0063E9A2 /* Sources */,
				A65607BE1F6506BC0063E9A2 /* Frameworks */,
				A65607BF1F6506BC0063E9A2 /* Resources */,
			);
			buildRules = (
			);
			dependencies = (
			);
			name = iOSTutorial;
			productName = Douyu;
			productReference = A65607C11F6506BC0063E9A2 /* iOSTutorial.app */;
			productType = "com.apple.product-type.application";
		};
		A65607DC1F6506BC0063E9A2 /* iOSTutorialTests */ = {
			isa = PBXNativeTarget;
			buildConfigurationList = A65607F41F6506BC0063E9A2 /* Build configuration list for PBXNativeTarget "iOSTutorialTests" */;
			buildPhases = (
				A65607D91F6506BC0063E9A2 /* Sources */,
				A65607DA1F6506BC0063E9A2 /* Frameworks */,
				A65607DB1F6506BC0063E9A2 /* Resources */,
			);
			buildRules = (
			);
			dependencies = (
				A65607DF1F6506BC0063E9A2 /* PBXTargetDependency */,
			);
			name = iOSTutorialTests;
			productName = DouyuTests;
			productReference = A65607DD1F6506BC0063E9A2 /* iOSTutorialTests.xctest */;
			productType = "com.apple.product-type.bundle.unit-test";
		};
		A65607E71F6506BC0063E9A2 /* iOSTutorialUITests */ = {
			isa = PBXNativeTarget;
			buildConfigurationList = A65607F71F6506BC0063E9A2 /* Build configuration list for PBXNativeTarget "iOSTutorialUITests" */;
			buildPhases = (
				A65607E41F6506BC0063E9A2 /* Sources */,
				A65607E51F6506BC0063E9A2 /* Frameworks */,
				A65607E61F6506BC0063E9A2 /* Resources */,
			);
			buildRules = (
			);
			dependencies = (
				A65607EA1F6506BC0063E9A2 /* PBXTargetDependency */,
			);
			name = iOSTutorialUITests;
			productName = DouyuUITests;
			productReference = A65607E81F6506BC0063E9A2 /* iOSTutorialUITests.xctest */;
			productType = "com.apple.product-type.bundle.ui-testing";
		};
/* End PBXNativeTarget section */

/* Begin PBXProject section */
		A65607B91F6506BC0063E9A2 /* Project object */ = {
			isa = PBXProject;
			attributes = {
				LastUpgradeCheck = 0900;
				ORGANIZATIONNAME = Shui;
				TargetAttributes = {
					A65607C01F6506BC0063E9A2 = {
						CreatedOnToolsVersion = 8.3.3;
						DevelopmentTeam = 9MRTAS9UAP;
						ProvisioningStyle = Automatic;
					};
					A65607DC1F6506BC0063E9A2 = {
						CreatedOnToolsVersion = 8.3.3;
						DevelopmentTeam = 9MRTAS9UAP;
						ProvisioningStyle = Automatic;
						TestTargetID = A65607C01F6506BC0063E9A2;
					};
					A65607E71F6506BC0063E9A2 = {
						CreatedOnToolsVersion = 8.3.3;
						DevelopmentTeam = 9MRTAS9UAP;
						ProvisioningStyle = Automatic;
						TestTargetID = A65607C01F6506BC0063E9A2;
					};
				};
			};
			buildConfigurationList = A65607BC1F6506BC0063E9A2 /* Build configuration list for PBXProject "iOSTutorial" */;
			compatibilityVersion = "Xcode 3.2";
			developmentRegion = English;
			hasScannedForEncodings = 0;
			knownRegions = (
				en,
				Base,
			);
			mainGroup = A65607B81F6506BC0063E9A2;
			productRefGroup = A65607C21F6506BC0063E9A2 /* Products */;
			projectDirPath = "";
			projectRoot = "";
			targets = (
				A65607C01F6506BC0063E9A2 /* iOSTutorial */,
				A65607DC1F6506BC0063E9A2 /* iOSTutorialTests */,
				A65607E71F6506BC0063E9A2 /* iOSTutorialUITests */,
			);
		};
/* End PBXProject section */

/* Begin PBXResourcesBuildPhase section */
		A65607BF1F6506BC0063E9A2 /* Resources */ = {
			isa = PBXResourcesBuildPhase;
			buildActionMask = 2147483647;
			files = (
				A663FF601F6D5E9100E18CB7 /* BatmanView.xib in Resources */,
				A663FF611F6D5E9100E18CB7 /* CoreAnimationView.xib in Resources */,
				A663FF621F6D5E9100E18CB7 /* LayerView.xib in Resources */,
				A663FF631F6D5E9100E18CB7 /* RootViewController.xib in Resources */,
				A6FC6AC91F6D536500351A9C /* CustomTransition.storyboard in Resources */,
				A6FC6AB11F6D521600351A9C /* Swipe.storyboard in Resources */,
				A6FC6AB01F6D520F00351A9C /* Slide.storyboard in Resources */,
				A6FC6AAF1F6D520700351A9C /* CustomPresentation.storyboard in Resources */,
				A6FC6AAE1F6D51FF00351A9C /* CrossDissolve.storyboard in Resources */,
				A6FC6AAD1F6D51F600351A9C /* Checkerboard.storyboard in Resources */,
				A6FC6AAC1F6D51EB00351A9C /* AdaptivePresentation.storyboard in Resources */,
				A65607D71F6506BC0063E9A2 /* LaunchScreen.storyboard in Resources */,
				A65608231F650E480063E9A2 /* Profile.storyboard in Resources */,
				A656083B1F650EC10063E9A2 /* Main.storyboard in Resources */,
				A656081B1F650D8F0063E9A2 /* Follow.storyboard in Resources */,
				A6CCB9991F6512F000428D21 /* Assets.xcassets in Resources */,
				A6CCB9A81F69759A00428D21 /* YYS(WL)-color.mp4 in Resources */,
				A656082B1F650E7D0063E9A2 /* Live.storyboard in Resources */,
				A65608331F650E950063E9A2 /* Home.storyboard in Resources */,
			);
			runOnlyForDeploymentPostprocessing = 0;
		};
		A65607DB1F6506BC0063E9A2 /* Resources */ = {
			isa = PBXResourcesBuildPhase;
			buildActionMask = 2147483647;
			files = (
			);
			runOnlyForDeploymentPostprocessing = 0;
		};
		A65607E61F6506BC0063E9A2 /* Resources */ = {
			isa = PBXResourcesBuildPhase;
			buildActionMask = 2147483647;
			files = (
			);
			runOnlyForDeploymentPostprocessing = 0;
		};
/* End PBXResourcesBuildPhase section */

/* Begin PBXSourcesBuildPhase section */
		A65607BD1F6506BC0063E9A2 /* Sources */ = {
			isa = PBXSourcesBuildPhase;
			buildActionMask = 2147483647;
			files = (
				A663FF5C1F6D5E3800E18CB7 /* FlipViewController.m in Sources */,
				A663FF5D1F6D5E3800E18CB7 /* NoteView.m in Sources */,
				A663FF5E1F6D5E3800E18CB7 /* SimpleViewPropertyAnimation.m in Sources */,
				A663FF5F1F6D5E3800E18CB7 /* StickyNotesViewController.m in Sources */,
				A663FF501F6D5E1900E18CB7 /* LeavesViewController.m in Sources */,
				A663FF511F6D5E1900E18CB7 /* AVPlayerLayerViewController.m in Sources */,
				A663FF521F6D5E1900E18CB7 /* BatmanViewController.m in Sources */,
				A663FF531F6D5E1900E18CB7 /* CALayer+Additions.m in Sources */,
				A663FF541F6D5E1900E18CB7 /* ImplicitAnimationsViewController.m in Sources */,
				A663FF551F6D5E1900E18CB7 /* MakeItStickViewController.m in Sources */,
				A663FF561F6D5E1900E18CB7 /* NSAViewController.m in Sources */,
				A663FF571F6D5E1900E18CB7 /* PacmanViewController.m in Sources */,
				A663FF581F6D5E1900E18CB7 /* PulseViewController.m in Sources */,
				A663FF591F6D5E1900E18CB7 /* ReflectionViewController.m in Sources */,
				A663FF5A1F6D5E1900E18CB7 /* SublayerTransformViewController.m in Sources */,
				A663FF5B1F6D5E1900E18CB7 /* TachometerViewController.m in Sources */,
				A663FF4E1F6D5BAD00E18CB7 /* CADemoRootTableViewController.m in Sources */,
				A6FC6AB21F6D527600351A9C /* AAPLExternalStoryboardSegue.m in Sources */,
				A6FC6AB31F6D527600351A9C /* AAPLMenuViewController.m in Sources */,
				A6FC6AB41F6D527600351A9C /* AAPLAdaptivePresentationController.m in Sources */,
				A6FC6AB51F6D527600351A9C /* AAPLAdaptivePresentationFirstViewController.m in Sources */,
				A6FC6AB61F6D527600351A9C /* AAPLAdaptivePresentationSecondViewController.m in Sources */,
				A6FC6AB71F6D527600351A9C /* AAPLAdaptivePresentationSegue.m in Sources */,
				A6FC6AB81F6D527600351A9C /* AAPLCheckerboardFirstViewController.m in Sources */,
				A6FC6AB91F6D527600351A9C /* AAPLCheckerboardTransitionAnimator.m in Sources */,
				A6FC6ABA1F6D527600351A9C /* AAPLCrossDissolveFirstViewController.m in Sources */,
				A6FC6ABB1F6D527600351A9C /* AAPLCrossDissolveSecondViewController.m in Sources */,
				A6FC6ABC1F6D527600351A9C /* AAPLCrossDissolveTransitionAnimator.m in Sources */,
				A6FC6ABD1F6D527600351A9C /* AAPLCustomPresentationController.m in Sources */,
				A6FC6ABE1F6D527600351A9C /* AAPLCustomPresentationFirstViewController.m in Sources */,
				A6FC6ABF1F6D527600351A9C /* AAPLCustomPresentationSecondViewController.m in Sources */,
				A6FC6AC01F6D527600351A9C /* AAPLSlideTransitionAnimator.m in Sources */,
				A6FC6AC11F6D527600351A9C /* AAPLSlideTransitionDelegate.m in Sources */,
				A6FC6AC21F6D527600351A9C /* AAPLSlideTransitionInteractionController.m in Sources */,
				A6FC6AC31F6D527600351A9C /* AAPLSwipeFirstViewController.m in Sources */,
				A6FC6AC41F6D527600351A9C /* AAPLSwipeSecondViewController.m in Sources */,
				A6FC6AC51F6D527600351A9C /* AAPLSwipeTransitionAnimator.m in Sources */,
				A6FC6AC61F6D527600351A9C /* AAPLSwipeTransitionDelegate.m in Sources */,
				A6FC6AC71F6D527600351A9C /* AAPLSwipeTransitionInteractionController.m in Sources */,
				A65607C91F6506BC0063E9A2 /* AppDelegate.m in Sources */,
				A6CCB99E1F652F2000428D21 /* PageContentView.m in Sources */,
				A65608241F650E480063E9A2 /* ProfileViewController.m in Sources */,
				A656081C1F650D8F0063E9A2 /* FollowViewController.m in Sources */,
				A656083C1F650EC10063E9A2 /* MainViewController.m in Sources */,
				A656083F1F650F4E0063E9A2 /* PageTitleView.m in Sources */,
				A65D3B271F6D30A900117D55 /* PopViewController.m in Sources */,
				A656082C1F650E7D0063E9A2 /* LiveViewController.m in Sources */,
				A6CCB9A11F654D6500428D21 /* UIColor+Utils.m in Sources */,
				A65D3B2A1F6D314D00117D55 /* DemoPopViewController.m in Sources */,
				A65607C61F6506BC0063E9A2 /* main.m in Sources */,
				A65608341F650E950063E9A2 /* HomeViewController.m in Sources */,
				A65D3B321F6D344E00117D55 /* ThirdTableViewController.m in Sources */,
			);
			runOnlyForDeploymentPostprocessing = 0;
		};
		A65607D91F6506BC0063E9A2 /* Sources */ = {
			isa = PBXSourcesBuildPhase;
			buildActionMask = 2147483647;
			files = (
				A65607E21F6506BC0063E9A2 /* DouyuTests.m in Sources */,
			);
			runOnlyForDeploymentPostprocessing = 0;
		};
		A65607E41F6506BC0063E9A2 /* Sources */ = {
			isa = PBXSourcesBuildPhase;
			buildActionMask = 2147483647;
			files = (
				A65607ED1F6506BC0063E9A2 /* DouyuUITests.m in Sources */,
			);
			runOnlyForDeploymentPostprocessing = 0;
		};
/* End PBXSourcesBuildPhase section */

/* Begin PBXTargetDependency section */
		A65607DF1F6506BC0063E9A2 /* PBXTargetDependency */ = {
			isa = PBXTargetDependency;
			target = A65607C01F6506BC0063E9A2 /* iOSTutorial */;
			targetProxy = A65607DE1F6506BC0063E9A2 /* PBXContainerItemProxy */;
		};
		A65607EA1F6506BC0063E9A2 /* PBXTargetDependency */ = {
			isa = PBXTargetDependency;
			target = A65607C01F6506BC0063E9A2 /* iOSTutorial */;
			targetProxy = A65607E91F6506BC0063E9A2 /* PBXContainerItemProxy */;
		};
/* End PBXTargetDependency section */

/* Begin PBXVariantGroup section */
		A65607D51F6506BC0063E9A2 /* LaunchScreen.storyboard */ = {
			isa = PBXVariantGroup;
			children = (
				A65607D61F6506BC0063E9A2 /* Base */,
			);
			name = LaunchScreen.storyboard;
			sourceTree = "<group>";
		};
/* End PBXVariantGroup section */

/* Begin XCBuildConfiguration section */
		A65607EF1F6506BC0063E9A2 /* Debug */ = {
			isa = XCBuildConfiguration;
			buildSettings = {
				ALWAYS_SEARCH_USER_PATHS = NO;
				CLANG_ANALYZER_NONNULL = YES;
				CLANG_ANALYZER_NUMBER_OBJECT_CONVERSION = YES_AGGRESSIVE;
				CLANG_CXX_LANGUAGE_STANDARD = "gnu++0x";
				CLANG_CXX_LIBRARY = "libc++";
				CLANG_ENABLE_MODULES = YES;
				CLANG_ENABLE_OBJC_ARC = YES;
				CLANG_WARN_BLOCK_CAPTURE_AUTORELEASING = YES;
				CLANG_WARN_BOOL_CONVERSION = YES;
				CLANG_WARN_COMMA = YES;
				CLANG_WARN_CONSTANT_CONVERSION = YES;
				CLANG_WARN_DIRECT_OBJC_ISA_USAGE = YES_ERROR;
				CLANG_WARN_DOCUMENTATION_COMMENTS = YES;
				CLANG_WARN_EMPTY_BODY = YES;
				CLANG_WARN_ENUM_CONVERSION = YES;
				CLANG_WARN_INFINITE_RECURSION = YES;
				CLANG_WARN_INT_CONVERSION = YES;
				CLANG_WARN_NON_LITERAL_NULL_CONVERSION = YES;
				CLANG_WARN_OBJC_LITERAL_CONVERSION = YES;
				CLANG_WARN_OBJC_ROOT_CLASS = YES_ERROR;
				CLANG_WARN_RANGE_LOOP_ANALYSIS = YES;
				CLANG_WARN_STRICT_PROTOTYPES = YES;
				CLANG_WARN_SUSPICIOUS_MOVE = YES;
				CLANG_WARN_UNREACHABLE_CODE = YES;
				CLANG_WARN__DUPLICATE_METHOD_MATCH = YES;
				"CODE_SIGN_IDENTITY[sdk=iphoneos*]" = "iPhone Developer";
				COPY_PHASE_STRIP = NO;
				DEBUG_INFORMATION_FORMAT = dwarf;
				ENABLE_STRICT_OBJC_MSGSEND = YES;
				ENABLE_TESTABILITY = YES;
				GCC_C_LANGUAGE_STANDARD = gnu99;
				GCC_DYNAMIC_NO_PIC = NO;
				GCC_NO_COMMON_BLOCKS = YES;
				GCC_OPTIMIZATION_LEVEL = 0;
				GCC_PREPROCESSOR_DEFINITIONS = (
					"DEBUG=1",
					"$(inherited)",
				);
				GCC_WARN_64_TO_32_BIT_CONVERSION = YES;
				GCC_WARN_ABOUT_RETURN_TYPE = YES_ERROR;
				GCC_WARN_UNDECLARED_SELECTOR = YES;
				GCC_WARN_UNINITIALIZED_AUTOS = YES_AGGRESSIVE;
				GCC_WARN_UNUSED_FUNCTION = YES;
				GCC_WARN_UNUSED_VARIABLE = YES;
				IPHONEOS_DEPLOYMENT_TARGET = 10.3;
				MTL_ENABLE_DEBUG_INFO = YES;
				ONLY_ACTIVE_ARCH = YES;
				SDKROOT = iphoneos;
				TARGETED_DEVICE_FAMILY = "1,2";
			};
			name = Debug;
		};
		A65607F01F6506BC0063E9A2 /* Release */ = {
			isa = XCBuildConfiguration;
			buildSettings = {
				ALWAYS_SEARCH_USER_PATHS = NO;
				CLANG_ANALYZER_NONNULL = YES;
				CLANG_ANALYZER_NUMBER_OBJECT_CONVERSION = YES_AGGRESSIVE;
				CLANG_CXX_LANGUAGE_STANDARD = "gnu++0x";
				CLANG_CXX_LIBRARY = "libc++";
				CLANG_ENABLE_MODULES = YES;
				CLANG_ENABLE_OBJC_ARC = YES;
				CLANG_WARN_BLOCK_CAPTURE_AUTORELEASING = YES;
				CLANG_WARN_BOOL_CONVERSION = YES;
				CLANG_WARN_COMMA = YES;
				CLANG_WARN_CONSTANT_CONVERSION = YES;
				CLANG_WARN_DIRECT_OBJC_ISA_USAGE = YES_ERROR;
				CLANG_WARN_DOCUMENTATION_COMMENTS = YES;
				CLANG_WARN_EMPTY_BODY = YES;
				CLANG_WARN_ENUM_CONVERSION = YES;
				CLANG_WARN_INFINITE_RECURSION = YES;
				CLANG_WARN_INT_CONVERSION = YES;
				CLANG_WARN_NON_LITERAL_NULL_CONVERSION = YES;
				CLANG_WARN_OBJC_LITERAL_CONVERSION = YES;
				CLANG_WARN_OBJC_ROOT_CLASS = YES_ERROR;
				CLANG_WARN_RANGE_LOOP_ANALYSIS = YES;
				CLANG_WARN_STRICT_PROTOTYPES = YES;
				CLANG_WARN_SUSPICIOUS_MOVE = YES;
				CLANG_WARN_UNREACHABLE_CODE = YES;
				CLANG_WARN__DUPLICATE_METHOD_MATCH = YES;
				"CODE_SIGN_IDENTITY[sdk=iphoneos*]" = "iPhone Developer";
				COPY_PHASE_STRIP = NO;
				DEBUG_INFORMATION_FORMAT = "dwarf-with-dsym";
				ENABLE_NS_ASSERTIONS = NO;
				ENABLE_STRICT_OBJC_MSGSEND = YES;
				GCC_C_LANGUAGE_STANDARD = gnu99;
				GCC_NO_COMMON_BLOCKS = YES;
				GCC_WARN_64_TO_32_BIT_CONVERSION = YES;
				GCC_WARN_ABOUT_RETURN_TYPE = YES_ERROR;
				GCC_WARN_UNDECLARED_SELECTOR = YES;
				GCC_WARN_UNINITIALIZED_AUTOS = YES_AGGRESSIVE;
				GCC_WARN_UNUSED_FUNCTION = YES;
				GCC_WARN_UNUSED_VARIABLE = YES;
				IPHONEOS_DEPLOYMENT_TARGET = 10.3;
				MTL_ENABLE_DEBUG_INFO = NO;
				SDKROOT = iphoneos;
				TARGETED_DEVICE_FAMILY = "1,2";
				VALIDATE_PRODUCT = YES;
			};
			name = Release;
		};
		A65607F21F6506BC0063E9A2 /* Debug */ = {
			isa = XCBuildConfiguration;
			buildSettings = {
				ASSETCATALOG_COMPILER_APPICON_NAME = AppIcon;
				DEVELOPMENT_TEAM = 9MRTAS9UAP;
				GCC_INCREASE_PRECOMPILED_HEADER_SHARING = NO;
				GCC_PRECOMPILE_PREFIX_HEADER = YES;
				GCC_PREFIX_HEADER = Douyu/IOSTutorial.pch;
				INFOPLIST_FILE = Douyu/Info.plist;
				IPHONEOS_DEPLOYMENT_TARGET = 8.0;
				LD_RUNPATH_SEARCH_PATHS = "$(inherited) @executable_path/Frameworks";
				PRODUCT_BUNDLE_IDENTIFIER = com.sz.learn.iosturotial;
				PRODUCT_NAME = "$(TARGET_NAME)";
			};
			name = Debug;
		};
		A65607F31F6506BC0063E9A2 /* Release */ = {
			isa = XCBuildConfiguration;
			buildSettings = {
				ASSETCATALOG_COMPILER_APPICON_NAME = AppIcon;
				DEVELOPMENT_TEAM = 9MRTAS9UAP;
				GCC_INCREASE_PRECOMPILED_HEADER_SHARING = NO;
				GCC_PRECOMPILE_PREFIX_HEADER = YES;
				GCC_PREFIX_HEADER = Douyu/IOSTutorial.pch;
				INFOPLIST_FILE = Douyu/Info.plist;
				IPHONEOS_DEPLOYMENT_TARGET = 8.0;
				LD_RUNPATH_SEARCH_PATHS = "$(inherited) @executable_path/Frameworks";
				PRODUCT_BUNDLE_IDENTIFIER = com.sz.learn.iosturotial;
				PRODUCT_NAME = "$(TARGET_NAME)";
			};
			name = Release;
		};
		A65607F51F6506BC0063E9A2 /* Debug */ = {
			isa = XCBuildConfiguration;
			buildSettings = {
				BUNDLE_LOADER = "$(TEST_HOST)";
				DEVELOPMENT_TEAM = 9MRTAS9UAP;
				INFOPLIST_FILE = DouyuTests/Info.plist;
				LD_RUNPATH_SEARCH_PATHS = "$(inherited) @executable_path/Frameworks @loader_path/Frameworks";
				PRODUCT_BUNDLE_IDENTIFIER = com.sz.learn.DouyuTests;
				PRODUCT_NAME = "$(TARGET_NAME)";
				TEST_HOST = "$(BUILT_PRODUCTS_DIR)/iOSTutorial.app/iOSTutorial";
			};
			name = Debug;
		};
		A65607F61F6506BC0063E9A2 /* Release */ = {
			isa = XCBuildConfiguration;
			buildSettings = {
				BUNDLE_LOADER = "$(TEST_HOST)";
				DEVELOPMENT_TEAM = 9MRTAS9UAP;
				INFOPLIST_FILE = DouyuTests/Info.plist;
				LD_RUNPATH_SEARCH_PATHS = "$(inherited) @executable_path/Frameworks @loader_path/Frameworks";
				PRODUCT_BUNDLE_IDENTIFIER = com.sz.learn.DouyuTests;
				PRODUCT_NAME = "$(TARGET_NAME)";
				TEST_HOST = "$(BUILT_PRODUCTS_DIR)/iOSTutorial.app/iOSTutorial";
			};
			name = Release;
		};
		A65607F81F6506BC0063E9A2 /* Debug */ = {
			isa = XCBuildConfiguration;
			buildSettings = {
				DEVELOPMENT_TEAM = 9MRTAS9UAP;
				INFOPLIST_FILE = DouyuUITests/Info.plist;
				LD_RUNPATH_SEARCH_PATHS = "$(inherited) @executable_path/Frameworks @loader_path/Frameworks";
				PRODUCT_BUNDLE_IDENTIFIER = com.sz.learn.DouyuUITests;
				PRODUCT_NAME = "$(TARGET_NAME)";
				TEST_TARGET_NAME = Douyu;
			};
			name = Debug;
		};
		A65607F91F6506BC0063E9A2 /* Release */ = {
			isa = XCBuildConfiguration;
			buildSettings = {
				DEVELOPMENT_TEAM = 9MRTAS9UAP;
				INFOPLIST_FILE = DouyuUITests/Info.plist;
				LD_RUNPATH_SEARCH_PATHS = "$(inherited) @executable_path/Frameworks @loader_path/Frameworks";
				PRODUCT_BUNDLE_IDENTIFIER = com.sz.learn.DouyuUITests;
				PRODUCT_NAME = "$(TARGET_NAME)";
				TEST_TARGET_NAME = Douyu;
			};
			name = Release;
		};
/* End XCBuildConfiguration section */

/* Begin XCConfigurationList section */
		A65607BC1F6506BC0063E9A2 /* Build configuration list for PBXProject "iOSTutorial" */ = {
			isa = XCConfigurationList;
			buildConfigurations = (
				A65607EF1F6506BC0063E9A2 /* Debug */,
				A65607F01F6506BC0063E9A2 /* Release */,
			);
			defaultConfigurationIsVisible = 0;
			defaultConfigurationName = Release;
		};
		A65607F11F6506BC0063E9A2 /* Build configuration list for PBXNativeTarget "iOSTutorial" */ = {
			isa = XCConfigurationList;
			buildConfigurations = (
				A65607F21F6506BC0063E9A2 /* Debug */,
				A65607F31F6506BC0063E9A2 /* Release */,
			);
			defaultConfigurationIsVisible = 0;
			defaultConfigurationName = Release;
		};
		A65607F41F6506BC0063E9A2 /* Build configuration list for PBXNativeTarget "iOSTutorialTests" */ = {
			isa = XCConfigurationList;
			buildConfigurations = (
				A65607F51F6506BC0063E9A2 /* Debug */,
				A65607F61F6506BC0063E9A2 /* Release */,
			);
			defaultConfigurationIsVisible = 0;
			defaultConfigurationName = Release;
		};
		A65607F71F6506BC0063E9A2 /* Build configuration list for PBXNativeTarget "iOSTutorialUITests" */ = {
			isa = XCConfigurationList;
			buildConfigurations = (
				A65607F81F6506BC0063E9A2 /* Debug */,
				A65607F91F6506BC0063E9A2 /* Release */,
			);
			defaultConfigurationIsVisible = 0;
			defaultConfigurationName = Release;
		};
/* End XCConfigurationList section */
	};
	rootObject = A65607B91F6506BC0063E9A2 /* Project object */;
}
